// !$*UTF8*$!
{
	archiveVersion = 1;
	classes = {
	};
	objectVersion = 46;
	objects = {

/* Begin PBXBuildFile section */
		E10FDE39167E87E0003C5B23 /* SystemConfiguration.framework in Frameworks */ = {isa = PBXBuildFile; fileRef = E10FDE38167E87E0003C5B23 /* SystemConfiguration.framework */; };
		E131AE12167E8E8C00A057B3 /* Base64Transcoder.c in Sources */ = {isa = PBXBuildFile; fileRef = E10FDE1A167E8685003C5B23 /* Base64Transcoder.c */; };
		E131AE18167E8EFA00A057B3 /* sha1.c in Sources */ = {isa = PBXBuildFile; fileRef = E10FDE1E167E8685003C5B23 /* sha1.c */; };
		E1789BCA167EA23A002C55CE /* Default-568h@2x.png in Resources */ = {isa = PBXBuildFile; fileRef = E1789BC9167EA23A002C55CE /* Default-568h@2x.png */; };
		E18C4BCE167E89B100447775 /* AFHTTPClient.m in Sources */ = {isa = PBXBuildFile; fileRef = E1F1C9D5167E860B00F542A5 /* AFHTTPClient.m */; };
		E18C4BCF167E89C000447775 /* AFHTTPRequestOperation.m in Sources */ = {isa = PBXBuildFile; fileRef = E1F1C9D7167E860B00F542A5 /* AFHTTPRequestOperation.m */; };
		E18C4BD0167E89C000447775 /* AFJSONRequestOperation.m in Sources */ = {isa = PBXBuildFile; fileRef = E1F1C9DB167E860B00F542A5 /* AFJSONRequestOperation.m */; };
		E18C4BD1167E89C000447775 /* AFURLConnectionOperation.m in Sources */ = {isa = PBXBuildFile; fileRef = E1F1C9E2167E860B00F542A5 /* AFURLConnectionOperation.m */; };
		E18C4BD5167E89D200447775 /* AFOAuth1Client.m in Sources */ = {isa = PBXBuildFile; fileRef = E10FDE25167E86A8003C5B23 /* AFOAuth1Client.m */; };
		E18C4BDB167E8E5400447775 /* hmac.c in Sources */ = {isa = PBXBuildFile; fileRef = E10FDE1C167E8685003C5B23 /* hmac.c */; };
		F88D077B14AABD8000A91BC9 /* UIKit.framework in Frameworks */ = {isa = PBXBuildFile; fileRef = F88D077A14AABD8000A91BC9 /* UIKit.framework */; };
		F88D077D14AABD8000A91BC9 /* Foundation.framework in Frameworks */ = {isa = PBXBuildFile; fileRef = F88D077C14AABD8000A91BC9 /* Foundation.framework */; };
		F88D077F14AABD8000A91BC9 /* CoreGraphics.framework in Frameworks */ = {isa = PBXBuildFile; fileRef = F88D077E14AABD8000A91BC9 /* CoreGraphics.framework */; };
		F88D078514AABD8000A91BC9 /* InfoPlist.strings in Resources */ = {isa = PBXBuildFile; fileRef = F88D078314AABD8000A91BC9 /* InfoPlist.strings */; };
		F88D078714AABD8000A91BC9 /* main.m in Sources */ = {isa = PBXBuildFile; fileRef = F88D078614AABD8000A91BC9 /* main.m */; };
		F88D078B14AABD8000A91BC9 /* AppDelegate.m in Sources */ = {isa = PBXBuildFile; fileRef = F88D078A14AABD8000A91BC9 /* AppDelegate.m */; };
		F88D078E14AABD8000A91BC9 /* ViewController.m in Sources */ = {isa = PBXBuildFile; fileRef = F88D078D14AABD8000A91BC9 /* ViewController.m */; };
		F88D079114AABD8000A91BC9 /* ViewController.xib in Resources */ = {isa = PBXBuildFile; fileRef = F88D078F14AABD8000A91BC9 /* ViewController.xib */; };
/* End PBXBuildFile section */

/* Begin PBXFileReference section */
		E10FDE1A167E8685003C5B23 /* Base64Transcoder.c */ = {isa = PBXFileReference; fileEncoding = 4; lastKnownFileType = sourcecode.c.c; name = Base64Transcoder.c; path = ../../Crypto/Base64Transcoder.c; sourceTree = "<group>"; };
		E10FDE1B167E8685003C5B23 /* Base64Transcoder.h */ = {isa = PBXFileReference; fileEncoding = 4; lastKnownFileType = sourcecode.c.h; name = Base64Transcoder.h; path = ../../Crypto/Base64Transcoder.h; sourceTree = "<group>"; };
		E10FDE1C167E8685003C5B23 /* hmac.c */ = {isa = PBXFileReference; fileEncoding = 4; lastKnownFileType = sourcecode.c.c; name = hmac.c; path = ../../Crypto/hmac.c; sourceTree = "<group>"; };
		E10FDE1D167E8685003C5B23 /* hmac.h */ = {isa = PBXFileReference; fileEncoding = 4; lastKnownFileType = sourcecode.c.h; name = hmac.h; path = ../../Crypto/hmac.h; sourceTree = "<group>"; };
		E10FDE1E167E8685003C5B23 /* sha1.c */ = {isa = PBXFileReference; fileEncoding = 4; lastKnownFileType = sourcecode.c.c; name = sha1.c; path = ../../Crypto/sha1.c; sourceTree = "<group>"; };
		E10FDE1F167E8685003C5B23 /* sha1.h */ = {isa = PBXFileReference; fileEncoding = 4; lastKnownFileType = sourcecode.c.h; name = sha1.h; path = ../../Crypto/sha1.h; sourceTree = "<group>"; };
		E10FDE24167E86A8003C5B23 /* AFOAuth1Client.h */ = {isa = PBXFileReference; fileEncoding = 4; lastKnownFileType = sourcecode.c.h; name = AFOAuth1Client.h; path = ../../AFOAuth1Client.h; sourceTree = "<group>"; };
		E10FDE25167E86A8003C5B23 /* AFOAuth1Client.m */ = {isa = PBXFileReference; fileEncoding = 4; lastKnownFileType = sourcecode.c.objc; name = AFOAuth1Client.m; path = ../../AFOAuth1Client.m; sourceTree = "<group>"; };
		E10FDE38167E87E0003C5B23 /* SystemConfiguration.framework */ = {isa = PBXFileReference; lastKnownFileType = wrapper.framework; name = SystemConfiguration.framework; path = System/Library/Frameworks/SystemConfiguration.framework; sourceTree = SDKROOT; };
		E1789BC9167EA23A002C55CE /* Default-568h@2x.png */ = {isa = PBXFileReference; lastKnownFileType = image.png; path = "Default-568h@2x.png"; sourceTree = "<group>"; };
		E1F1C9D4167E860B00F542A5 /* AFHTTPClient.h */ = {isa = PBXFileReference; lastKnownFileType = sourcecode.c.h; name = AFHTTPClient.h; path = AFNetworking/AFHTTPClient.h; sourceTree = "<group>"; };
		E1F1C9D5167E860B00F542A5 /* AFHTTPClient.m */ = {isa = PBXFileReference; lastKnownFileType = sourcecode.c.objc; name = AFHTTPClient.m; path = AFNetworking/AFHTTPClient.m; sourceTree = "<group>"; };
		E1F1C9D6167E860B00F542A5 /* AFHTTPRequestOperation.h */ = {isa = PBXFileReference; lastKnownFileType = sourcecode.c.h; name = AFHTTPRequestOperation.h; path = AFNetworking/AFHTTPRequestOperation.h; sourceTree = "<group>"; };
		E1F1C9D7167E860B00F542A5 /* AFHTTPRequestOperation.m */ = {isa = PBXFileReference; lastKnownFileType = sourcecode.c.objc; name = AFHTTPRequestOperation.m; path = AFNetworking/AFHTTPRequestOperation.m; sourceTree = "<group>"; };
		E1F1C9D8167E860B00F542A5 /* AFImageRequestOperation.h */ = {isa = PBXFileReference; lastKnownFileType = sourcecode.c.h; name = AFImageRequestOperation.h; path = AFNetworking/AFImageRequestOperation.h; sourceTree = "<group>"; };
		E1F1C9D9167E860B00F542A5 /* AFImageRequestOperation.m */ = {isa = PBXFileReference; lastKnownFileType = sourcecode.c.objc; name = AFImageRequestOperation.m; path = AFNetworking/AFImageRequestOperation.m; sourceTree = "<group>"; };
		E1F1C9DA167E860B00F542A5 /* AFJSONRequestOperation.h */ = {isa = PBXFileReference; lastKnownFileType = sourcecode.c.h; name = AFJSONRequestOperation.h; path = AFNetworking/AFJSONRequestOperation.h; sourceTree = "<group>"; };
		E1F1C9DB167E860B00F542A5 /* AFJSONRequestOperation.m */ = {isa = PBXFileReference; lastKnownFileType = sourcecode.c.objc; name = AFJSONRequestOperation.m; path = AFNetworking/AFJSONRequestOperation.m; sourceTree = "<group>"; };
		E1F1C9DC167E860B00F542A5 /* AFNetworkActivityIndicatorManager.h */ = {isa = PBXFileReference; lastKnownFileType = sourcecode.c.h; name = AFNetworkActivityIndicatorManager.h; path = AFNetworking/AFNetworkActivityIndicatorManager.h; sourceTree = "<group>"; };
		E1F1C9DD167E860B00F542A5 /* AFNetworkActivityIndicatorManager.m */ = {isa = PBXFileReference; lastKnownFileType = sourcecode.c.objc; name = AFNetworkActivityIndicatorManager.m; path = AFNetworking/AFNetworkActivityIndicatorManager.m; sourceTree = "<group>"; };
		E1F1C9DE167E860B00F542A5 /* AFNetworking.h */ = {isa = PBXFileReference; lastKnownFileType = sourcecode.c.h; name = AFNetworking.h; path = AFNetworking/AFNetworking.h; sourceTree = "<group>"; };
		E1F1C9DF167E860B00F542A5 /* AFPropertyListRequestOperation.h */ = {isa = PBXFileReference; lastKnownFileType = sourcecode.c.h; name = AFPropertyListRequestOperation.h; path = AFNetworking/AFPropertyListRequestOperation.h; sourceTree = "<group>"; };
		E1F1C9E0167E860B00F542A5 /* AFPropertyListRequestOperation.m */ = {isa = PBXFileReference; lastKnownFileType = sourcecode.c.objc; name = AFPropertyListRequestOperation.m; path = AFNetworking/AFPropertyListRequestOperation.m; sourceTree = "<group>"; };
		E1F1C9E1167E860B00F542A5 /* AFURLConnectionOperation.h */ = {isa = PBXFileReference; lastKnownFileType = sourcecode.c.h; name = AFURLConnectionOperation.h; path = AFNetworking/AFURLConnectionOperation.h; sourceTree = "<group>"; };
		E1F1C9E2167E860B00F542A5 /* AFURLConnectionOperation.m */ = {isa = PBXFileReference; lastKnownFileType = sourcecode.c.objc; name = AFURLConnectionOperation.m; path = AFNetworking/AFURLConnectionOperation.m; sourceTree = "<group>"; };
		E1F1C9E3167E860B00F542A5 /* AFXMLRequestOperation.h */ = {isa = PBXFileReference; lastKnownFileType = sourcecode.c.h; name = AFXMLRequestOperation.h; path = AFNetworking/AFXMLRequestOperation.h; sourceTree = "<group>"; };
		E1F1C9E4167E860B00F542A5 /* AFXMLRequestOperation.m */ = {isa = PBXFileReference; lastKnownFileType = sourcecode.c.objc; name = AFXMLRequestOperation.m; path = AFNetworking/AFXMLRequestOperation.m; sourceTree = "<group>"; };
		E1F1C9E5167E860B00F542A5 /* UIImageView+AFNetworking.h */ = {isa = PBXFileReference; lastKnownFileType = sourcecode.c.h; name = "UIImageView+AFNetworking.h"; path = "AFNetworking/UIImageView+AFNetworking.h"; sourceTree = "<group>"; };
		E1F1C9E6167E860B00F542A5 /* UIImageView+AFNetworking.m */ = {isa = PBXFileReference; lastKnownFileType = sourcecode.c.objc; name = "UIImageView+AFNetworking.m"; path = "AFNetworking/UIImageView+AFNetworking.m"; sourceTree = "<group>"; };
		F88D077614AABD8000A91BC9 /* Twitter Example Client.app */ = {isa = PBXFileReference; explicitFileType = wrapper.application; includeInIndex = 0; path = "Twitter Example Client.app"; sourceTree = BUILT_PRODUCTS_DIR; };
		F88D077A14AABD8000A91BC9 /* UIKit.framework */ = {isa = PBXFileReference; lastKnownFileType = wrapper.framework; name = UIKit.framework; path = System/Library/Frameworks/UIKit.framework; sourceTree = SDKROOT; };
		F88D077C14AABD8000A91BC9 /* Foundation.framework */ = {isa = PBXFileReference; lastKnownFileType = wrapper.framework; name = Foundation.framework; path = System/Library/Frameworks/Foundation.framework; sourceTree = SDKROOT; };
		F88D077E14AABD8000A91BC9 /* CoreGraphics.framework */ = {isa = PBXFileReference; lastKnownFileType = wrapper.framework; name = CoreGraphics.framework; path = System/Library/Frameworks/CoreGraphics.framework; sourceTree = SDKROOT; };
		F88D078214AABD8000A91BC9 /* Twitter Example Client-Info.plist */ = {isa = PBXFileReference; lastKnownFileType = text.plist.xml; path = "Twitter Example Client-Info.plist"; sourceTree = "<group>"; };
		F88D078414AABD8000A91BC9 /* en */ = {isa = PBXFileReference; lastKnownFileType = text.plist.strings; name = en; path = en.lproj/InfoPlist.strings; sourceTree = "<group>"; };
		F88D078614AABD8000A91BC9 /* main.m */ = {isa = PBXFileReference; lastKnownFileType = sourcecode.c.objc; path = main.m; sourceTree = "<group>"; };
		F88D078814AABD8000A91BC9 /* Twitter Example Client-Prefix.pch */ = {isa = PBXFileReference; lastKnownFileType = sourcecode.c.h; path = "Twitter Example Client-Prefix.pch"; sourceTree = "<group>"; };
		F88D078914AABD8000A91BC9 /* AppDelegate.h */ = {isa = PBXFileReference; lastKnownFileType = sourcecode.c.h; path = AppDelegate.h; sourceTree = "<group>"; };
		F88D078A14AABD8000A91BC9 /* AppDelegate.m */ = {isa = PBXFileReference; lastKnownFileType = sourcecode.c.objc; path = AppDelegate.m; sourceTree = "<group>"; };
		F88D078C14AABD8000A91BC9 /* ViewController.h */ = {isa = PBXFileReference; lastKnownFileType = sourcecode.c.h; path = ViewController.h; sourceTree = "<group>"; };
		F88D078D14AABD8000A91BC9 /* ViewController.m */ = {isa = PBXFileReference; lastKnownFileType = sourcecode.c.objc; path = ViewController.m; sourceTree = "<group>"; };
		F88D079014AABD8000A91BC9 /* en */ = {isa = PBXFileReference; lastKnownFileType = file.xib; name = en; path = en.lproj/ViewController.xib; sourceTree = "<group>"; };
/* End PBXFileReference section */

/* Begin PBXFrameworksBuildPhase section */
		F88D077314AABD8000A91BC9 /* Frameworks */ = {
			isa = PBXFrameworksBuildPhase;
			buildActionMask = 2147483647;
			files = (
				E10FDE39167E87E0003C5B23 /* SystemConfiguration.framework in Frameworks */,
				F88D077B14AABD8000A91BC9 /* UIKit.framework in Frameworks */,
				F88D077D14AABD8000A91BC9 /* Foundation.framework in Frameworks */,
				F88D077F14AABD8000A91BC9 /* CoreGraphics.framework in Frameworks */,
			);
			runOnlyForDeploymentPostprocessing = 0;
		};
/* End PBXFrameworksBuildPhase section */

/* Begin PBXGroup section */
		E10FDE18167E8677003C5B23 /* Vendor */ = {
			isa = PBXGroup;
			children = (
				E10FDE23167E869C003C5B23 /* AFOAuth1Client */,
				E10FDE19167E867D003C5B23 /* Crypto */,
				F88D079B14AABDC300A91BC9 /* AFNetworking */,
			);
			name = Vendor;
			path = AFNetworking;
			sourceTree = "<group>";
		};
		E10FDE19167E867D003C5B23 /* Crypto */ = {
			isa = PBXGroup;
			children = (
				E10FDE1A167E8685003C5B23 /* Base64Transcoder.c */,
				E10FDE1B167E8685003C5B23 /* Base64Transcoder.h */,
				E10FDE1C167E8685003C5B23 /* hmac.c */,
				E10FDE1D167E8685003C5B23 /* hmac.h */,
				E10FDE1E167E8685003C5B23 /* sha1.c */,
				E10FDE1F167E8685003C5B23 /* sha1.h */,
			);
			name = Crypto;
			sourceTree = "<group>";
		};
		E10FDE23167E869C003C5B23 /* AFOAuth1Client */ = {
			isa = PBXGroup;
			children = (
				E10FDE24167E86A8003C5B23 /* AFOAuth1Client.h */,
				E10FDE25167E86A8003C5B23 /* AFOAuth1Client.m */,
			);
			name = AFOAuth1Client;
			sourceTree = "<group>";
		};
		F88D076B14AABD8000A91BC9 = {
			isa = PBXGroup;
			children = (
				E1789BC9167EA23A002C55CE /* Default-568h@2x.png */,
				F88D078014AABD8000A91BC9 /* Twitter Example Client */,
				F88D077914AABD8000A91BC9 /* Frameworks */,
				F88D077714AABD8000A91BC9 /* Products */,
				E10FDE18167E8677003C5B23 /* Vendor */,
			);
			sourceTree = "<group>";
		};
		F88D077714AABD8000A91BC9 /* Products */ = {
			isa = PBXGroup;
			children = (
				F88D077614AABD8000A91BC9 /* Twitter Example Client.app */,
			);
			name = Products;
			sourceTree = "<group>";
		};
		F88D077914AABD8000A91BC9 /* Frameworks */ = {
			isa = PBXGroup;
			children = (
				E10FDE38167E87E0003C5B23 /* SystemConfiguration.framework */,
				F88D077A14AABD8000A91BC9 /* UIKit.framework */,
				F88D077C14AABD8000A91BC9 /* Foundation.framework */,
				F88D077E14AABD8000A91BC9 /* CoreGraphics.framework */,
			);
			name = Frameworks;
			sourceTree = "<group>";
		};
		F88D078014AABD8000A91BC9 /* Twitter Example Client */ = {
			isa = PBXGroup;
			children = (
				F88D078914AABD8000A91BC9 /* AppDelegate.h */,
				F88D078A14AABD8000A91BC9 /* AppDelegate.m */,
				F88D078C14AABD8000A91BC9 /* ViewController.h */,
				F88D078D14AABD8000A91BC9 /* ViewController.m */,
				F88D078F14AABD8000A91BC9 /* ViewController.xib */,
				F88D078114AABD8000A91BC9 /* Supporting Files */,
			);
			path = "Twitter Example Client";
			sourceTree = "<group>";
		};
		F88D078114AABD8000A91BC9 /* Supporting Files */ = {
			isa = PBXGroup;
			children = (
				F88D078214AABD8000A91BC9 /* Twitter Example Client-Info.plist */,
				F88D078314AABD8000A91BC9 /* InfoPlist.strings */,
				F88D078614AABD8000A91BC9 /* main.m */,
				F88D078814AABD8000A91BC9 /* Twitter Example Client-Prefix.pch */,
			);
			name = "Supporting Files";
			sourceTree = "<group>";
		};
		F88D079B14AABDC300A91BC9 /* AFNetworking */ = {
			isa = PBXGroup;
			children = (
				E1F1C9D4167E860B00F542A5 /* AFHTTPClient.h */,
				E1F1C9D5167E860B00F542A5 /* AFHTTPClient.m */,
				E1F1C9D6167E860B00F542A5 /* AFHTTPRequestOperation.h */,
				E1F1C9D7167E860B00F542A5 /* AFHTTPRequestOperation.m */,
				E1F1C9D8167E860B00F542A5 /* AFImageRequestOperation.h */,
				E1F1C9D9167E860B00F542A5 /* AFImageRequestOperation.m */,
				E1F1C9DA167E860B00F542A5 /* AFJSONRequestOperation.h */,
				E1F1C9DB167E860B00F542A5 /* AFJSONRequestOperation.m */,
				E1F1C9DC167E860B00F542A5 /* AFNetworkActivityIndicatorManager.h */,
				E1F1C9DD167E860B00F542A5 /* AFNetworkActivityIndicatorManager.m */,
				E1F1C9DE167E860B00F542A5 /* AFNetworking.h */,
				E1F1C9DF167E860B00F542A5 /* AFPropertyListRequestOperation.h */,
				E1F1C9E0167E860B00F542A5 /* AFPropertyListRequestOperation.m */,
				E1F1C9E1167E860B00F542A5 /* AFURLConnectionOperation.h */,
				E1F1C9E2167E860B00F542A5 /* AFURLConnectionOperation.m */,
				E1F1C9E3167E860B00F542A5 /* AFXMLRequestOperation.h */,
				E1F1C9E4167E860B00F542A5 /* AFXMLRequestOperation.m */,
				E1F1C9E5167E860B00F542A5 /* UIImageView+AFNetworking.h */,
				E1F1C9E6167E860B00F542A5 /* UIImageView+AFNetworking.m */,
			);
			name = AFNetworking;
			sourceTree = "<group>";
		};
/* End PBXGroup section */

/* Begin PBXNativeTarget section */
		F88D077514AABD8000A91BC9 /* Twitter Example Client */ = {
			isa = PBXNativeTarget;
			buildConfigurationList = F88D079414AABD8000A91BC9 /* Build configuration list for PBXNativeTarget "Twitter Example Client" */;
			buildPhases = (
				F88D077214AABD8000A91BC9 /* Sources */,
				F88D077314AABD8000A91BC9 /* Frameworks */,
				F88D077414AABD8000A91BC9 /* Resources */,
			);
			buildRules = (
			);
			dependencies = (
			);
			name = "Twitter Example Client";
			productName = "Twitter Example Client";
			productReference = F88D077614AABD8000A91BC9 /* Twitter Example Client.app */;
			productType = "com.apple.product-type.application";
		};
/* End PBXNativeTarget section */

/* Begin PBXProject section */
		F88D076D14AABD8000A91BC9 /* Project object */ = {
			isa = PBXProject;
			attributes = {
				LastUpgradeCheck = 0420;
			};
			buildConfigurationList = F88D077014AABD8000A91BC9 /* Build configuration list for PBXProject "Twitter Example Client" */;
			compatibilityVersion = "Xcode 3.2";
			developmentRegion = English;
			hasScannedForEncodings = 0;
			knownRegions = (
				en,
			);
			mainGroup = F88D076B14AABD8000A91BC9;
			productRefGroup = F88D077714AABD8000A91BC9 /* Products */;
			projectDirPath = "";
			projectRoot = "";
			targets = (
				F88D077514AABD8000A91BC9 /* Twitter Example Client */,
			);
		};
/* End PBXProject section */

/* Begin PBXResourcesBuildPhase section */
		F88D077414AABD8000A91BC9 /* Resources */ = {
			isa = PBXResourcesBuildPhase;
			buildActionMask = 2147483647;
			files = (
				F88D078514AABD8000A91BC9 /* InfoPlist.strings in Resources */,
				F88D079114AABD8000A91BC9 /* ViewController.xib in Resources */,
				E1789BCA167EA23A002C55CE /* Default-568h@2x.png in Resources */,
			);
			runOnlyForDeploymentPostprocessing = 0;
		};
/* End PBXResourcesBuildPhase section */

/* Begin PBXSourcesBuildPhase section */
		F88D077214AABD8000A91BC9 /* Sources */ = {
			isa = PBXSourcesBuildPhase;
			buildActionMask = 2147483647;
			files = (
				E131AE18167E8EFA00A057B3 /* sha1.c in Sources */,
				E131AE12167E8E8C00A057B3 /* Base64Transcoder.c in Sources */,
				E18C4BDB167E8E5400447775 /* hmac.c in Sources */,
				E18C4BD5167E89D200447775 /* AFOAuth1Client.m in Sources */,
				E18C4BCF167E89C000447775 /* AFHTTPRequestOperation.m in Sources */,
				E18C4BD0167E89C000447775 /* AFJSONRequestOperation.m in Sources */,
				E18C4BD1167E89C000447775 /* AFURLConnectionOperation.m in Sources */,
				E18C4BCE167E89B100447775 /* AFHTTPClient.m in Sources */,
				F88D078714AABD8000A91BC9 /* main.m in Sources */,
				F88D078B14AABD8000A91BC9 /* AppDelegate.m in Sources */,
				F88D078E14AABD8000A91BC9 /* ViewController.m in Sources */,
			);
			runOnlyForDeploymentPostprocessing = 0;
		};
/* End PBXSourcesBuildPhase section */

/* Begin PBXVariantGroup section */
		F88D078314AABD8000A91BC9 /* InfoPlist.strings */ = {
			isa = PBXVariantGroup;
			children = (
				F88D078414AABD8000A91BC9 /* en */,
			);
			name = InfoPlist.strings;
			sourceTree = "<group>";
		};
		F88D078F14AABD8000A91BC9 /* ViewController.xib */ = {
			isa = PBXVariantGroup;
			children = (
				F88D079014AABD8000A91BC9 /* en */,
			);
			name = ViewController.xib;
			sourceTree = "<group>";
		};
/* End PBXVariantGroup section */

/* Begin XCBuildConfiguration section */
		F88D079214AABD8000A91BC9 /* Debug */ = {
			isa = XCBuildConfiguration;
			buildSettings = {
				ALWAYS_SEARCH_USER_PATHS = NO;
				ARCHS = "$(ARCHS_STANDARD_32_BIT)";
				"CODE_SIGN_IDENTITY[sdk=iphoneos*]" = "iPhone Developer";
				COPY_PHASE_STRIP = NO;
				GCC_C_LANGUAGE_STANDARD = gnu99;
				GCC_DYNAMIC_NO_PIC = NO;
				GCC_OPTIMIZATION_LEVEL = 0;
				GCC_PREPROCESSOR_DEFINITIONS = (
					"DEBUG=1",
					"$(inherited)",
				);
				GCC_SYMBOLS_PRIVATE_EXTERN = NO;
				GCC_VERSION = com.apple.compilers.llvm.clang.1_0;
				GCC_WARN_ABOUT_MISSING_PROTOTYPES = YES;
				GCC_WARN_ABOUT_RETURN_TYPE = YES;
				GCC_WARN_UNUSED_VARIABLE = YES;
				IPHONEOS_DEPLOYMENT_TARGET = 5.0;
				SDKROOT = iphoneos;
			};
			name = Debug;
		};
		F88D079314AABD8000A91BC9 /* Release */ = {
			isa = XCBuildConfiguration;
			buildSettings = {
				ALWAYS_SEARCH_USER_PATHS = NO;
				ARCHS = "$(ARCHS_STANDARD_32_BIT)";
				"CODE_SIGN_IDENTITY[sdk=iphoneos*]" = "iPhone Developer";
				COPY_PHASE_STRIP = YES;
				GCC_C_LANGUAGE_STANDARD = gnu99;
				GCC_VERSION = com.apple.compilers.llvm.clang.1_0;
				GCC_WARN_ABOUT_MISSING_PROTOTYPES = YES;
				GCC_WARN_ABOUT_RETURN_TYPE = YES;
				GCC_WARN_UNUSED_VARIABLE = YES;
				IPHONEOS_DEPLOYMENT_TARGET = 5.0;
				OTHER_CFLAGS = "-DNS_BLOCK_ASSERTIONS=1";
				SDKROOT = iphoneos;
				VALIDATE_PRODUCT = YES;
			};
			name = Release;
		};
		F88D079514AABD8000A91BC9 /* Debug */ = {
			isa = XCBuildConfiguration;
			buildSettings = {
				CLANG_ENABLE_OBJC_ARC = YES;
				GCC_PRECOMPILE_PREFIX_HEADER = YES;
				GCC_PREFIX_HEADER = "Twitter Example Client/Twitter Example Client-Prefix.pch";
				INFOPLIST_FILE = "Twitter Example Client/Twitter Example Client-Info.plist";
				IPHONEOS_DEPLOYMENT_TARGET = 6.0;
				PRODUCT_NAME = "$(TARGET_NAME)";
				WRAPPER_EXTENSION = app;
			};
			name = Debug;
		};
		F88D079614AABD8000A91BC9 /* Release */ = {
			isa = XCBuildConfiguration;
			buildSettings = {
				CLANG_ENABLE_OBJC_ARC = YES;
				GCC_PRECOMPILE_PREFIX_HEADER = YES;
				GCC_PREFIX_HEADER = "Twitter Example Client/Twitter Example Client-Prefix.pch";
				INFOPLIST_FILE = "Twitter Example Client/Twitter Example Client-Info.plist";
				IPHONEOS_DEPLOYMENT_TARGET = 6.0;
				PRODUCT_NAME = "$(TARGET_NAME)";
				WRAPPER_EXTENSION = app;
			};
			name = Release;
		};
/* End XCBuildConfiguration section */

/* Begin XCConfigurationList section */
		F88D077014AABD8000A91BC9 /* Build configuration list for PBXProject "Twitter Example Client" */ = {
			isa = XCConfigurationList;
			buildConfigurations = (
				F88D079214AABD8000A91BC9 /* Debug */,
				F88D079314AABD8000A91BC9 /* Release */,
			);
			defaultConfigurationIsVisible = 0;
			defaultConfigurationName = Release;
		};
		F88D079414AABD8000A91BC9 /* Build configuration list for PBXNativeTarget "Twitter Example Client" */ = {
			isa = XCConfigurationList;
			buildConfigurations = (
				F88D079514AABD8000A91BC9 /* Debug */,
				F88D079614AABD8000A91BC9 /* Release */,
			);
			defaultConfigurationIsVisible = 0;
			defaultConfigurationName = Release;
		};
/* End XCConfigurationList section */
	};
	rootObject = F88D076D14AABD8000A91BC9 /* Project object */;
}
