// !$*UTF8*$!
{
	archiveVersion = 1;
	classes = {
	};
	objectVersion = 46;
	objects = {

/* Begin PBXBuildFile section */
		F88D077B14AABD8000A91BC9 /* UIKit.framework in Frameworks */ = {isa = PBXBuildFile; fileRef = F88D077A14AABD8000A91BC9 /* UIKit.framework */; };
		F88D077D14AABD8000A91BC9 /* Foundation.framework in Frameworks */ = {isa = PBXBuildFile; fileRef = F88D077C14AABD8000A91BC9 /* Foundation.framework */; };
		F88D077F14AABD8000A91BC9 /* CoreGraphics.framework in Frameworks */ = {isa = PBXBuildFile; fileRef = F88D077E14AABD8000A91BC9 /* CoreGraphics.framework */; };
		F88D078514AABD8000A91BC9 /* InfoPlist.strings in Resources */ = {isa = PBXBuildFile; fileRef = F88D078314AABD8000A91BC9 /* InfoPlist.strings */; };
		F88D078714AABD8000A91BC9 /* main.m in Sources */ = {isa = PBXBuildFile; fileRef = F88D078614AABD8000A91BC9 /* main.m */; };
		F88D078B14AABD8000A91BC9 /* AppDelegate.m in Sources */ = {isa = PBXBuildFile; fileRef = F88D078A14AABD8000A91BC9 /* AppDelegate.m */; };
		F88D078E14AABD8000A91BC9 /* ViewController.m in Sources */ = {isa = PBXBuildFile; fileRef = F88D078D14AABD8000A91BC9 /* ViewController.m */; };
		F88D079114AABD8000A91BC9 /* ViewController.xib in Resources */ = {isa = PBXBuildFile; fileRef = F88D078F14AABD8000A91BC9 /* ViewController.xib */; };
		F88D07BA14AABDC300A91BC9 /* AFHTTPRequestOperation.m in Sources */ = {isa = PBXBuildFile; fileRef = F88D079F14AABDC300A91BC9 /* AFHTTPRequestOperation.m */; };
		F88D07BB14AABDC300A91BC9 /* AFImageCache.m in Sources */ = {isa = PBXBuildFile; fileRef = F88D07A114AABDC300A91BC9 /* AFImageCache.m */; };
		F88D07BC14AABDC300A91BC9 /* AFImageRequestOperation.m in Sources */ = {isa = PBXBuildFile; fileRef = F88D07A314AABDC300A91BC9 /* AFImageRequestOperation.m */; };
		F88D07BD14AABDC300A91BC9 /* AFJSONRequestOperation.m in Sources */ = {isa = PBXBuildFile; fileRef = F88D07A514AABDC300A91BC9 /* AFJSONRequestOperation.m */; };
		F88D07BE14AABDC300A91BC9 /* AFNetworkActivityIndicatorManager.m in Sources */ = {isa = PBXBuildFile; fileRef = F88D07A814AABDC300A91BC9 /* AFNetworkActivityIndicatorManager.m */; };
		F88D07C014AABDC300A91BC9 /* AFPropertyListRequestOperation.m in Sources */ = {isa = PBXBuildFile; fileRef = F88D07AD14AABDC300A91BC9 /* AFPropertyListRequestOperation.m */; };
		F88D07C114AABDC300A91BC9 /* AFURLConnectionOperation.m in Sources */ = {isa = PBXBuildFile; fileRef = F88D07AF14AABDC300A91BC9 /* AFURLConnectionOperation.m */; };
		F88D07C214AABDC300A91BC9 /* AFXMLRequestOperation.m in Sources */ = {isa = PBXBuildFile; fileRef = F88D07B114AABDC300A91BC9 /* AFXMLRequestOperation.m */; };
		F88D07C314AABDC300A91BC9 /* hmac.c in Sources */ = {isa = PBXBuildFile; fileRef = F88D07B314AABDC300A91BC9 /* hmac.c */; };
		F88D07C414AABDC300A91BC9 /* sha1.c in Sources */ = {isa = PBXBuildFile; fileRef = F88D07B514AABDC300A91BC9 /* sha1.c */; };
		F88D07C514AABDC300A91BC9 /* UIImageView+AFNetworking.m in Sources */ = {isa = PBXBuildFile; fileRef = F88D07B814AABDC300A91BC9 /* UIImageView+AFNetworking.m */; };
		F88D07C914AAC8F100A91BC9 /* Base64Transcoder.c in Sources */ = {isa = PBXBuildFile; fileRef = F88D07C714AAC8F100A91BC9 /* Base64Transcoder.c */; };
		F88D07D314AAE28000A91BC9 /* AFHTTPClient.m in Sources */ = {isa = PBXBuildFile; fileRef = F88D07D014AAE28000A91BC9 /* AFHTTPClient.m */; };
		F88D07D414AAE28000A91BC9 /* AFOAuth1Client.m in Sources */ = {isa = PBXBuildFile; fileRef = F88D07D214AAE28000A91BC9 /* AFOAuth1Client.m */; };
/* End PBXBuildFile section */

/* Begin PBXFileReference section */
		F88D077614AABD8000A91BC9 /* Twitter Example Client.app */ = {isa = PBXFileReference; explicitFileType = wrapper.application; includeInIndex = 0; path = "Twitter Example Client.app"; sourceTree = BUILT_PRODUCTS_DIR; };
		F88D077A14AABD8000A91BC9 /* UIKit.framework */ = {isa = PBXFileReference; lastKnownFileType = wrapper.framework; name = UIKit.framework; path = System/Library/Frameworks/UIKit.framework; sourceTree = SDKROOT; };
		F88D077C14AABD8000A91BC9 /* Foundation.framework */ = {isa = PBXFileReference; lastKnownFileType = wrapper.framework; name = Foundation.framework; path = System/Library/Frameworks/Foundation.framework; sourceTree = SDKROOT; };
		F88D077E14AABD8000A91BC9 /* CoreGraphics.framework */ = {isa = PBXFileReference; lastKnownFileType = wrapper.framework; name = CoreGraphics.framework; path = System/Library/Frameworks/CoreGraphics.framework; sourceTree = SDKROOT; };
		F88D078214AABD8000A91BC9 /* Twitter Example Client-Info.plist */ = {isa = PBXFileReference; lastKnownFileType = text.plist.xml; path = "Twitter Example Client-Info.plist"; sourceTree = "<group>"; };
		F88D078414AABD8000A91BC9 /* en */ = {isa = PBXFileReference; lastKnownFileType = text.plist.strings; name = en; path = en.lproj/InfoPlist.strings; sourceTree = "<group>"; };
		F88D078614AABD8000A91BC9 /* main.m */ = {isa = PBXFileReference; lastKnownFileType = sourcecode.c.objc; path = main.m; sourceTree = "<group>"; };
		F88D078814AABD8000A91BC9 /* Twitter Example Client-Prefix.pch */ = {isa = PBXFileReference; lastKnownFileType = sourcecode.c.h; path = "Twitter Example Client-Prefix.pch"; sourceTree = "<group>"; };
		F88D078914AABD8000A91BC9 /* AppDelegate.h */ = {isa = PBXFileReference; lastKnownFileType = sourcecode.c.h; path = AppDelegate.h; sourceTree = "<group>"; };
		F88D078A14AABD8000A91BC9 /* AppDelegate.m */ = {isa = PBXFileReference; lastKnownFileType = sourcecode.c.objc; path = AppDelegate.m; sourceTree = "<group>"; };
		F88D078C14AABD8000A91BC9 /* ViewController.h */ = {isa = PBXFileReference; lastKnownFileType = sourcecode.c.h; path = ViewController.h; sourceTree = "<group>"; };
		F88D078D14AABD8000A91BC9 /* ViewController.m */ = {isa = PBXFileReference; lastKnownFileType = sourcecode.c.objc; path = ViewController.m; sourceTree = "<group>"; };
		F88D079014AABD8000A91BC9 /* en */ = {isa = PBXFileReference; lastKnownFileType = file.xib; name = en; path = en.lproj/ViewController.xib; sourceTree = "<group>"; };
		F88D079E14AABDC300A91BC9 /* AFHTTPRequestOperation.h */ = {isa = PBXFileReference; fileEncoding = 4; lastKnownFileType = sourcecode.c.h; path = AFHTTPRequestOperation.h; sourceTree = "<group>"; };
		F88D079F14AABDC300A91BC9 /* AFHTTPRequestOperation.m */ = {isa = PBXFileReference; fileEncoding = 4; lastKnownFileType = sourcecode.c.objc; path = AFHTTPRequestOperation.m; sourceTree = "<group>"; };
		F88D07A014AABDC300A91BC9 /* AFImageCache.h */ = {isa = PBXFileReference; fileEncoding = 4; lastKnownFileType = sourcecode.c.h; path = AFImageCache.h; sourceTree = "<group>"; };
		F88D07A114AABDC300A91BC9 /* AFImageCache.m */ = {isa = PBXFileReference; fileEncoding = 4; lastKnownFileType = sourcecode.c.objc; path = AFImageCache.m; sourceTree = "<group>"; };
		F88D07A214AABDC300A91BC9 /* AFImageRequestOperation.h */ = {isa = PBXFileReference; fileEncoding = 4; lastKnownFileType = sourcecode.c.h; path = AFImageRequestOperation.h; sourceTree = "<group>"; };
		F88D07A314AABDC300A91BC9 /* AFImageRequestOperation.m */ = {isa = PBXFileReference; fileEncoding = 4; lastKnownFileType = sourcecode.c.objc; path = AFImageRequestOperation.m; sourceTree = "<group>"; };
		F88D07A414AABDC300A91BC9 /* AFJSONRequestOperation.h */ = {isa = PBXFileReference; fileEncoding = 4; lastKnownFileType = sourcecode.c.h; path = AFJSONRequestOperation.h; sourceTree = "<group>"; };
		F88D07A514AABDC300A91BC9 /* AFJSONRequestOperation.m */ = {isa = PBXFileReference; fileEncoding = 4; lastKnownFileType = sourcecode.c.objc; path = AFJSONRequestOperation.m; sourceTree = "<group>"; };
		F88D07A614AABDC300A91BC9 /* AFJSONUtilities.h */ = {isa = PBXFileReference; fileEncoding = 4; lastKnownFileType = sourcecode.c.h; path = AFJSONUtilities.h; sourceTree = "<group>"; };
		F88D07A714AABDC300A91BC9 /* AFNetworkActivityIndicatorManager.h */ = {isa = PBXFileReference; fileEncoding = 4; lastKnownFileType = sourcecode.c.h; path = AFNetworkActivityIndicatorManager.h; sourceTree = "<group>"; };
		F88D07A814AABDC300A91BC9 /* AFNetworkActivityIndicatorManager.m */ = {isa = PBXFileReference; fileEncoding = 4; lastKnownFileType = sourcecode.c.objc; path = AFNetworkActivityIndicatorManager.m; sourceTree = "<group>"; };
		F88D07A914AABDC300A91BC9 /* AFNetworking.h */ = {isa = PBXFileReference; fileEncoding = 4; lastKnownFileType = sourcecode.c.h; path = AFNetworking.h; sourceTree = "<group>"; };
		F88D07AC14AABDC300A91BC9 /* AFPropertyListRequestOperation.h */ = {isa = PBXFileReference; fileEncoding = 4; lastKnownFileType = sourcecode.c.h; path = AFPropertyListRequestOperation.h; sourceTree = "<group>"; };
		F88D07AD14AABDC300A91BC9 /* AFPropertyListRequestOperation.m */ = {isa = PBXFileReference; fileEncoding = 4; lastKnownFileType = sourcecode.c.objc; path = AFPropertyListRequestOperation.m; sourceTree = "<group>"; };
		F88D07AE14AABDC300A91BC9 /* AFURLConnectionOperation.h */ = {isa = PBXFileReference; fileEncoding = 4; lastKnownFileType = sourcecode.c.h; path = AFURLConnectionOperation.h; sourceTree = "<group>"; };
		F88D07AF14AABDC300A91BC9 /* AFURLConnectionOperation.m */ = {isa = PBXFileReference; fileEncoding = 4; lastKnownFileType = sourcecode.c.objc; path = AFURLConnectionOperation.m; sourceTree = "<group>"; };
		F88D07B014AABDC300A91BC9 /* AFXMLRequestOperation.h */ = {isa = PBXFileReference; fileEncoding = 4; lastKnownFileType = sourcecode.c.h; path = AFXMLRequestOperation.h; sourceTree = "<group>"; };
		F88D07B114AABDC300A91BC9 /* AFXMLRequestOperation.m */ = {isa = PBXFileReference; fileEncoding = 4; lastKnownFileType = sourcecode.c.objc; path = AFXMLRequestOperation.m; sourceTree = "<group>"; };
		F88D07B314AABDC300A91BC9 /* hmac.c */ = {isa = PBXFileReference; fileEncoding = 4; lastKnownFileType = sourcecode.c.c; path = hmac.c; sourceTree = "<group>"; };
		F88D07B414AABDC300A91BC9 /* hmac.h */ = {isa = PBXFileReference; fileEncoding = 4; lastKnownFileType = sourcecode.c.h; path = hmac.h; sourceTree = "<group>"; };
		F88D07B514AABDC300A91BC9 /* sha1.c */ = {isa = PBXFileReference; fileEncoding = 4; lastKnownFileType = sourcecode.c.c; path = sha1.c; sourceTree = "<group>"; };
		F88D07B614AABDC300A91BC9 /* sha1.h */ = {isa = PBXFileReference; fileEncoding = 4; lastKnownFileType = sourcecode.c.h; path = sha1.h; sourceTree = "<group>"; };
		F88D07B714AABDC300A91BC9 /* UIImageView+AFNetworking.h */ = {isa = PBXFileReference; fileEncoding = 4; lastKnownFileType = sourcecode.c.h; path = "UIImageView+AFNetworking.h"; sourceTree = "<group>"; };
		F88D07B814AABDC300A91BC9 /* UIImageView+AFNetworking.m */ = {isa = PBXFileReference; fileEncoding = 4; lastKnownFileType = sourcecode.c.objc; path = "UIImageView+AFNetworking.m"; sourceTree = "<group>"; };
		F88D07C714AAC8F100A91BC9 /* Base64Transcoder.c */ = {isa = PBXFileReference; fileEncoding = 4; lastKnownFileType = sourcecode.c.c; path = Base64Transcoder.c; sourceTree = "<group>"; };
		F88D07C814AAC8F100A91BC9 /* Base64Transcoder.h */ = {isa = PBXFileReference; fileEncoding = 4; lastKnownFileType = sourcecode.c.h; path = Base64Transcoder.h; sourceTree = "<group>"; };
		F88D07CF14AAE28000A91BC9 /* AFHTTPClient.h */ = {isa = PBXFileReference; fileEncoding = 4; lastKnownFileType = sourcecode.c.h; path = AFHTTPClient.h; sourceTree = "<group>"; };
		F88D07D014AAE28000A91BC9 /* AFHTTPClient.m */ = {isa = PBXFileReference; fileEncoding = 4; lastKnownFileType = sourcecode.c.objc; path = AFHTTPClient.m; sourceTree = "<group>"; };
		F88D07D114AAE28000A91BC9 /* AFOAuth1Client.h */ = {isa = PBXFileReference; fileEncoding = 4; lastKnownFileType = sourcecode.c.h; path = AFOAuth1Client.h; sourceTree = "<group>"; };
		F88D07D214AAE28000A91BC9 /* AFOAuth1Client.m */ = {isa = PBXFileReference; fileEncoding = 4; lastKnownFileType = sourcecode.c.objc; path = AFOAuth1Client.m; sourceTree = "<group>"; };
/* End PBXFileReference section */

/* Begin PBXFrameworksBuildPhase section */
		F88D077314AABD8000A91BC9 /* Frameworks */ = {
			isa = PBXFrameworksBuildPhase;
			buildActionMask = 2147483647;
			files = (
				F88D077B14AABD8000A91BC9 /* UIKit.framework in Frameworks */,
				F88D077D14AABD8000A91BC9 /* Foundation.framework in Frameworks */,
				F88D077F14AABD8000A91BC9 /* CoreGraphics.framework in Frameworks */,
			);
			runOnlyForDeploymentPostprocessing = 0;
		};
/* End PBXFrameworksBuildPhase section */

/* Begin PBXGroup section */
		F88D076B14AABD8000A91BC9 = {
			isa = PBXGroup;
			children = (
				F88D078014AABD8000A91BC9 /* Twitter Example Client */,
				F88D077914AABD8000A91BC9 /* Frameworks */,
				F88D077714AABD8000A91BC9 /* Products */,
				F88D079B14AABDC300A91BC9 /* AFNetworking */,
			);
			sourceTree = "<group>";
		};
		F88D077714AABD8000A91BC9 /* Products */ = {
			isa = PBXGroup;
			children = (
				F88D077614AABD8000A91BC9 /* Twitter Example Client.app */,
			);
			name = Products;
			sourceTree = "<group>";
		};
		F88D077914AABD8000A91BC9 /* Frameworks */ = {
			isa = PBXGroup;
			children = (
				F88D077A14AABD8000A91BC9 /* UIKit.framework */,
				F88D077C14AABD8000A91BC9 /* Foundation.framework */,
				F88D077E14AABD8000A91BC9 /* CoreGraphics.framework */,
			);
			name = Frameworks;
			sourceTree = "<group>";
		};
		F88D078014AABD8000A91BC9 /* Twitter Example Client */ = {
			isa = PBXGroup;
			children = (
				F88D078914AABD8000A91BC9 /* AppDelegate.h */,
				F88D078A14AABD8000A91BC9 /* AppDelegate.m */,
				F88D078C14AABD8000A91BC9 /* ViewController.h */,
				F88D078D14AABD8000A91BC9 /* ViewController.m */,
				F88D078F14AABD8000A91BC9 /* ViewController.xib */,
				F88D078114AABD8000A91BC9 /* Supporting Files */,
			);
			path = "Twitter Example Client";
			sourceTree = "<group>";
		};
		F88D078114AABD8000A91BC9 /* Supporting Files */ = {
			isa = PBXGroup;
			children = (
				F88D078214AABD8000A91BC9 /* Twitter Example Client-Info.plist */,
				F88D078314AABD8000A91BC9 /* InfoPlist.strings */,
				F88D078614AABD8000A91BC9 /* main.m */,
				F88D078814AABD8000A91BC9 /* Twitter Example Client-Prefix.pch */,
			);
			name = "Supporting Files";
			sourceTree = "<group>";
		};
		F88D079B14AABDC300A91BC9 /* AFNetworking */ = {
			isa = PBXGroup;
			children = (
				F88D07CF14AAE28000A91BC9 /* AFHTTPClient.h */,
				F88D07D014AAE28000A91BC9 /* AFHTTPClient.m */,
				F88D07D114AAE28000A91BC9 /* AFOAuth1Client.h */,
				F88D07D214AAE28000A91BC9 /* AFOAuth1Client.m */,
				F88D079E14AABDC300A91BC9 /* AFHTTPRequestOperation.h */,
				F88D079F14AABDC300A91BC9 /* AFHTTPRequestOperation.m */,
				F88D07A014AABDC300A91BC9 /* AFImageCache.h */,
				F88D07A114AABDC300A91BC9 /* AFImageCache.m */,
				F88D07A214AABDC300A91BC9 /* AFImageRequestOperation.h */,
				F88D07A314AABDC300A91BC9 /* AFImageRequestOperation.m */,
				F88D07A414AABDC300A91BC9 /* AFJSONRequestOperation.h */,
				F88D07A514AABDC300A91BC9 /* AFJSONRequestOperation.m */,
				F88D07A614AABDC300A91BC9 /* AFJSONUtilities.h */,
				F88D07A714AABDC300A91BC9 /* AFNetworkActivityIndicatorManager.h */,
				F88D07A814AABDC300A91BC9 /* AFNetworkActivityIndicatorManager.m */,
				F88D07A914AABDC300A91BC9 /* AFNetworking.h */,
				F88D07AC14AABDC300A91BC9 /* AFPropertyListRequestOperation.h */,
				F88D07AD14AABDC300A91BC9 /* AFPropertyListRequestOperation.m */,
				F88D07AE14AABDC300A91BC9 /* AFURLConnectionOperation.h */,
				F88D07AF14AABDC300A91BC9 /* AFURLConnectionOperation.m */,
				F88D07B014AABDC300A91BC9 /* AFXMLRequestOperation.h */,
				F88D07B114AABDC300A91BC9 /* AFXMLRequestOperation.m */,
				F88D07B214AABDC300A91BC9 /* Crypto */,
				F88D07B714AABDC300A91BC9 /* UIImageView+AFNetworking.h */,
				F88D07B814AABDC300A91BC9 /* UIImageView+AFNetworking.m */,
			);
			path = AFNetworking;
			sourceTree = "<group>";
		};
		F88D07B214AABDC300A91BC9 /* Crypto */ = {
			isa = PBXGroup;
			children = (
				F88D07C714AAC8F100A91BC9 /* Base64Transcoder.c */,
				F88D07C814AAC8F100A91BC9 /* Base64Transcoder.h */,
				F88D07B314AABDC300A91BC9 /* hmac.c */,
				F88D07B414AABDC300A91BC9 /* hmac.h */,
				F88D07B514AABDC300A91BC9 /* sha1.c */,
				F88D07B614AABDC300A91BC9 /* sha1.h */,
			);
			path = Crypto;
			sourceTree = "<group>";
		};
/* End PBXGroup section */

/* Begin PBXNativeTarget section */
		F88D077514AABD8000A91BC9 /* Twitter Example Client */ = {
			isa = PBXNativeTarget;
			buildConfigurationList = F88D079414AABD8000A91BC9 /* Build configuration list for PBXNativeTarget "Twitter Example Client" */;
			buildPhases = (
				F88D077214AABD8000A91BC9 /* Sources */,
				F88D077314AABD8000A91BC9 /* Frameworks */,
				F88D077414AABD8000A91BC9 /* Resources */,
			);
			buildRules = (
			);
			dependencies = (
			);
			name = "Twitter Example Client";
			productName = "Twitter Example Client";
			productReference = F88D077614AABD8000A91BC9 /* Twitter Example Client.app */;
			productType = "com.apple.product-type.application";
		};
/* End PBXNativeTarget section */

/* Begin PBXProject section */
		F88D076D14AABD8000A91BC9 /* Project object */ = {
			isa = PBXProject;
			attributes = {
				LastUpgradeCheck = 0420;
			};
			buildConfigurationList = F88D077014AABD8000A91BC9 /* Build configuration list for PBXProject "Twitter Example Client" */;
			compatibilityVersion = "Xcode 3.2";
			developmentRegion = English;
			hasScannedForEncodings = 0;
			knownRegions = (
				en,
			);
			mainGroup = F88D076B14AABD8000A91BC9;
			productRefGroup = F88D077714AABD8000A91BC9 /* Products */;
			projectDirPath = "";
			projectRoot = "";
			targets = (
				F88D077514AABD8000A91BC9 /* Twitter Example Client */,
			);
		};
/* End PBXProject section */

/* Begin PBXResourcesBuildPhase section */
		F88D077414AABD8000A91BC9 /* Resources */ = {
			isa = PBXResourcesBuildPhase;
			buildActionMask = 2147483647;
			files = (
				F88D078514AABD8000A91BC9 /* InfoPlist.strings in Resources */,
				F88D079114AABD8000A91BC9 /* ViewController.xib in Resources */,
			);
			runOnlyForDeploymentPostprocessing = 0;
		};
/* End PBXResourcesBuildPhase section */

/* Begin PBXSourcesBuildPhase section */
		F88D077214AABD8000A91BC9 /* Sources */ = {
			isa = PBXSourcesBuildPhase;
			buildActionMask = 2147483647;
			files = (
				F88D078714AABD8000A91BC9 /* main.m in Sources */,
				F88D078B14AABD8000A91BC9 /* AppDelegate.m in Sources */,
				F88D078E14AABD8000A91BC9 /* ViewController.m in Sources */,
				F88D07BA14AABDC300A91BC9 /* AFHTTPRequestOperation.m in Sources */,
				F88D07BB14AABDC300A91BC9 /* AFImageCache.m in Sources */,
				F88D07BC14AABDC300A91BC9 /* AFImageRequestOperation.m in Sources */,
				F88D07BD14AABDC300A91BC9 /* AFJSONRequestOperation.m in Sources */,
				F88D07BE14AABDC300A91BC9 /* AFNetworkActivityIndicatorManager.m in Sources */,
				F88D07C014AABDC300A91BC9 /* AFPropertyListRequestOperation.m in Sources */,
				F88D07C114AABDC300A91BC9 /* AFURLConnectionOperation.m in Sources */,
				F88D07C214AABDC300A91BC9 /* AFXMLRequestOperation.m in Sources */,
				F88D07C314AABDC300A91BC9 /* hmac.c in Sources */,
				F88D07C414AABDC300A91BC9 /* sha1.c in Sources */,
				F88D07C514AABDC300A91BC9 /* UIImageView+AFNetworking.m in Sources */,
				F88D07C914AAC8F100A91BC9 /* Base64Transcoder.c in Sources */,
				F88D07D314AAE28000A91BC9 /* AFHTTPClient.m in Sources */,
				F88D07D414AAE28000A91BC9 /* AFOAuth1Client.m in Sources */,
			);
			runOnlyForDeploymentPostprocessing = 0;
		};
/* End PBXSourcesBuildPhase section */

/* Begin PBXVariantGroup section */
		F88D078314AABD8000A91BC9 /* InfoPlist.strings */ = {
			isa = PBXVariantGroup;
			children = (
				F88D078414AABD8000A91BC9 /* en */,
			);
			name = InfoPlist.strings;
			sourceTree = "<group>";
		};
		F88D078F14AABD8000A91BC9 /* ViewController.xib */ = {
			isa = PBXVariantGroup;
			children = (
				F88D079014AABD8000A91BC9 /* en */,
			);
			name = ViewController.xib;
			sourceTree = "<group>";
		};
/* End PBXVariantGroup section */

/* Begin XCBuildConfiguration section */
		F88D079214AABD8000A91BC9 /* Debug */ = {
			isa = XCBuildConfiguration;
			buildSettings = {
				ALWAYS_SEARCH_USER_PATHS = NO;
				ARCHS = "$(ARCHS_STANDARD_32_BIT)";
				"CODE_SIGN_IDENTITY[sdk=iphoneos*]" = "iPhone Developer";
				COPY_PHASE_STRIP = NO;
				GCC_C_LANGUAGE_STANDARD = gnu99;
				GCC_DYNAMIC_NO_PIC = NO;
				GCC_OPTIMIZATION_LEVEL = 0;
				GCC_PREPROCESSOR_DEFINITIONS = (
					"DEBUG=1",
					"$(inherited)",
				);
				GCC_SYMBOLS_PRIVATE_EXTERN = NO;
				GCC_VERSION = com.apple.compilers.llvm.clang.1_0;
				GCC_WARN_ABOUT_MISSING_PROTOTYPES = YES;
				GCC_WARN_ABOUT_RETURN_TYPE = YES;
				GCC_WARN_UNUSED_VARIABLE = YES;
				IPHONEOS_DEPLOYMENT_TARGET = 5.0;
				SDKROOT = iphoneos;
			};
			name = Debug;
		};
		F88D079314AABD8000A91BC9 /* Release */ = {
			isa = XCBuildConfiguration;
			buildSettings = {
				ALWAYS_SEARCH_USER_PATHS = NO;
				ARCHS = "$(ARCHS_STANDARD_32_BIT)";
				"CODE_SIGN_IDENTITY[sdk=iphoneos*]" = "iPhone Developer";
				COPY_PHASE_STRIP = YES;
				GCC_C_LANGUAGE_STANDARD = gnu99;
				GCC_VERSION = com.apple.compilers.llvm.clang.1_0;
				GCC_WARN_ABOUT_MISSING_PROTOTYPES = YES;
				GCC_WARN_ABOUT_RETURN_TYPE = YES;
				GCC_WARN_UNUSED_VARIABLE = YES;
				IPHONEOS_DEPLOYMENT_TARGET = 5.0;
				OTHER_CFLAGS = "-DNS_BLOCK_ASSERTIONS=1";
				SDKROOT = iphoneos;
				VALIDATE_PRODUCT = YES;
			};
			name = Release;
		};
		F88D079514AABD8000A91BC9 /* Debug */ = {
			isa = XCBuildConfiguration;
			buildSettings = {
				GCC_PRECOMPILE_PREFIX_HEADER = YES;
				GCC_PREFIX_HEADER = "Twitter Example Client/Twitter Example Client-Prefix.pch";
				INFOPLIST_FILE = "Twitter Example Client/Twitter Example Client-Info.plist";
				PRODUCT_NAME = "$(TARGET_NAME)";
				WRAPPER_EXTENSION = app;
			};
			name = Debug;
		};
		F88D079614AABD8000A91BC9 /* Release */ = {
			isa = XCBuildConfiguration;
			buildSettings = {
				GCC_PRECOMPILE_PREFIX_HEADER = YES;
				GCC_PREFIX_HEADER = "Twitter Example Client/Twitter Example Client-Prefix.pch";
				INFOPLIST_FILE = "Twitter Example Client/Twitter Example Client-Info.plist";
				PRODUCT_NAME = "$(TARGET_NAME)";
				WRAPPER_EXTENSION = app;
			};
			name = Release;
		};
/* End XCBuildConfiguration section */

/* Begin XCConfigurationList section */
		F88D077014AABD8000A91BC9 /* Build configuration list for PBXProject "Twitter Example Client" */ = {
			isa = XCConfigurationList;
			buildConfigurations = (
				F88D079214AABD8000A91BC9 /* Debug */,
				F88D079314AABD8000A91BC9 /* Release */,
			);
			defaultConfigurationIsVisible = 0;
			defaultConfigurationName = Release;
		};
		F88D079414AABD8000A91BC9 /* Build configuration list for PBXNativeTarget "Twitter Example Client" */ = {
			isa = XCConfigurationList;
			buildConfigurations = (
				F88D079514AABD8000A91BC9 /* Debug */,
				F88D079614AABD8000A91BC9 /* Release */,
			);
			defaultConfigurationIsVisible = 0;
			defaultConfigurationName = Release;
		};
/* End XCConfigurationList section */
	};
	rootObject = F88D076D14AABD8000A91BC9 /* Project object */;
}
