// !$*UTF8*$!
{
	archiveVersion = 1;
	classes = {
	};
	objectVersion = 46;
	objects = {

/* Begin PBXBuildFile section */
		73738AA714AB9A620009D0D3 /* Cocoa.framework in Frameworks */ = {isa = PBXBuildFile; fileRef = 73738AA614AB9A620009D0D3 /* Cocoa.framework */; };
		73738AB114AB9A620009D0D3 /* InfoPlist.strings in Resources */ = {isa = PBXBuildFile; fileRef = 73738AAF14AB9A620009D0D3 /* InfoPlist.strings */; };
		73738AB314AB9A620009D0D3 /* main.m in Sources */ = {isa = PBXBuildFile; fileRef = 73738AB214AB9A620009D0D3 /* main.m */; };
		73738AB714AB9A620009D0D3 /* Credits.rtf in Resources */ = {isa = PBXBuildFile; fileRef = 73738AB514AB9A620009D0D3 /* Credits.rtf */; };
		73738ABA14AB9A620009D0D3 /* AppDelegate.m in Sources */ = {isa = PBXBuildFile; fileRef = 73738AB914AB9A620009D0D3 /* AppDelegate.m */; };
		73738ABD14AB9A620009D0D3 /* MainMenu.xib in Resources */ = {isa = PBXBuildFile; fileRef = 73738ABB14AB9A620009D0D3 /* MainMenu.xib */; };
		73738AE314AB9A970009D0D3 /* AFHTTPClient.m in Sources */ = {isa = PBXBuildFile; fileRef = 73738AC514AB9A970009D0D3 /* AFHTTPClient.m */; };
		73738AE414AB9A970009D0D3 /* AFHTTPRequestOperation.m in Sources */ = {isa = PBXBuildFile; fileRef = 73738AC714AB9A970009D0D3 /* AFHTTPRequestOperation.m */; };
		73738AE514AB9A970009D0D3 /* AFImageCache.m in Sources */ = {isa = PBXBuildFile; fileRef = 73738AC914AB9A970009D0D3 /* AFImageCache.m */; };
		73738AE614AB9A970009D0D3 /* AFImageRequestOperation.m in Sources */ = {isa = PBXBuildFile; fileRef = 73738ACB14AB9A970009D0D3 /* AFImageRequestOperation.m */; };
		73738AE714AB9A970009D0D3 /* AFJSONRequestOperation.m in Sources */ = {isa = PBXBuildFile; fileRef = 73738ACD14AB9A970009D0D3 /* AFJSONRequestOperation.m */; };
		73738AE814AB9A970009D0D3 /* AFNetworkActivityIndicatorManager.m in Sources */ = {isa = PBXBuildFile; fileRef = 73738AD014AB9A970009D0D3 /* AFNetworkActivityIndicatorManager.m */; };
		73738AE914AB9A970009D0D3 /* AFOAuth1Client.m in Sources */ = {isa = PBXBuildFile; fileRef = 73738AD314AB9A970009D0D3 /* AFOAuth1Client.m */; };
		73738AEA14AB9A970009D0D3 /* AFPropertyListRequestOperation.m in Sources */ = {isa = PBXBuildFile; fileRef = 73738AD514AB9A970009D0D3 /* AFPropertyListRequestOperation.m */; };
		73738AEB14AB9A970009D0D3 /* AFURLConnectionOperation.m in Sources */ = {isa = PBXBuildFile; fileRef = 73738AD714AB9A970009D0D3 /* AFURLConnectionOperation.m */; };
		73738AEC14AB9A970009D0D3 /* AFXMLRequestOperation.m in Sources */ = {isa = PBXBuildFile; fileRef = 73738AD914AB9A970009D0D3 /* AFXMLRequestOperation.m */; };
		73738AED14AB9A970009D0D3 /* Base64Transcoder.c in Sources */ = {isa = PBXBuildFile; fileRef = 73738ADB14AB9A970009D0D3 /* Base64Transcoder.c */; };
		73738AEE14AB9A970009D0D3 /* hmac.c in Sources */ = {isa = PBXBuildFile; fileRef = 73738ADD14AB9A970009D0D3 /* hmac.c */; };
		73738AEF14AB9A970009D0D3 /* sha1.c in Sources */ = {isa = PBXBuildFile; fileRef = 73738ADF14AB9A970009D0D3 /* sha1.c */; };
		73738AF014AB9A970009D0D3 /* UIImageView+AFNetworking.m in Sources */ = {isa = PBXBuildFile; fileRef = 73738AE214AB9A970009D0D3 /* UIImageView+AFNetworking.m */; };
/* End PBXBuildFile section */

/* Begin PBXFileReference section */
		73738AA214AB9A620009D0D3 /* TwitterMacExample.app */ = {isa = PBXFileReference; explicitFileType = wrapper.application; includeInIndex = 0; path = TwitterMacExample.app; sourceTree = BUILT_PRODUCTS_DIR; };
		73738AA614AB9A620009D0D3 /* Cocoa.framework */ = {isa = PBXFileReference; lastKnownFileType = wrapper.framework; name = Cocoa.framework; path = System/Library/Frameworks/Cocoa.framework; sourceTree = SDKROOT; };
		73738AA914AB9A620009D0D3 /* AppKit.framework */ = {isa = PBXFileReference; lastKnownFileType = wrapper.framework; name = AppKit.framework; path = System/Library/Frameworks/AppKit.framework; sourceTree = SDKROOT; };
		73738AAB14AB9A620009D0D3 /* Foundation.framework */ = {isa = PBXFileReference; lastKnownFileType = wrapper.framework; name = Foundation.framework; path = System/Library/Frameworks/Foundation.framework; sourceTree = SDKROOT; };
		73738AAE14AB9A620009D0D3 /* TwitterMacExample-Info.plist */ = {isa = PBXFileReference; lastKnownFileType = text.plist.xml; path = "TwitterMacExample-Info.plist"; sourceTree = "<group>"; };
		73738AB014AB9A620009D0D3 /* en */ = {isa = PBXFileReference; lastKnownFileType = text.plist.strings; name = en; path = en.lproj/InfoPlist.strings; sourceTree = "<group>"; };
		73738AB214AB9A620009D0D3 /* main.m */ = {isa = PBXFileReference; lastKnownFileType = sourcecode.c.objc; path = main.m; sourceTree = "<group>"; };
		73738AB414AB9A620009D0D3 /* TwitterMacExample-Prefix.pch */ = {isa = PBXFileReference; lastKnownFileType = sourcecode.c.h; path = "TwitterMacExample-Prefix.pch"; sourceTree = "<group>"; };
		73738AB614AB9A620009D0D3 /* en */ = {isa = PBXFileReference; lastKnownFileType = text.rtf; name = en; path = en.lproj/Credits.rtf; sourceTree = "<group>"; };
		73738AB814AB9A620009D0D3 /* AppDelegate.h */ = {isa = PBXFileReference; lastKnownFileType = sourcecode.c.h; path = AppDelegate.h; sourceTree = "<group>"; };
		73738AB914AB9A620009D0D3 /* AppDelegate.m */ = {isa = PBXFileReference; lastKnownFileType = sourcecode.c.objc; path = AppDelegate.m; sourceTree = "<group>"; };
		73738ABC14AB9A620009D0D3 /* en */ = {isa = PBXFileReference; lastKnownFileType = file.xib; name = en; path = en.lproj/MainMenu.xib; sourceTree = "<group>"; };
		73738AC414AB9A970009D0D3 /* AFHTTPClient.h */ = {isa = PBXFileReference; fileEncoding = 4; lastKnownFileType = sourcecode.c.h; path = AFHTTPClient.h; sourceTree = "<group>"; };
		73738AC514AB9A970009D0D3 /* AFHTTPClient.m */ = {isa = PBXFileReference; fileEncoding = 4; lastKnownFileType = sourcecode.c.objc; path = AFHTTPClient.m; sourceTree = "<group>"; };
		73738AC614AB9A970009D0D3 /* AFHTTPRequestOperation.h */ = {isa = PBXFileReference; fileEncoding = 4; lastKnownFileType = sourcecode.c.h; path = AFHTTPRequestOperation.h; sourceTree = "<group>"; };
		73738AC714AB9A970009D0D3 /* AFHTTPRequestOperation.m */ = {isa = PBXFileReference; fileEncoding = 4; lastKnownFileType = sourcecode.c.objc; path = AFHTTPRequestOperation.m; sourceTree = "<group>"; };
		73738AC814AB9A970009D0D3 /* AFImageCache.h */ = {isa = PBXFileReference; fileEncoding = 4; lastKnownFileType = sourcecode.c.h; path = AFImageCache.h; sourceTree = "<group>"; };
		73738AC914AB9A970009D0D3 /* AFImageCache.m */ = {isa = PBXFileReference; fileEncoding = 4; lastKnownFileType = sourcecode.c.objc; path = AFImageCache.m; sourceTree = "<group>"; };
		73738ACA14AB9A970009D0D3 /* AFImageRequestOperation.h */ = {isa = PBXFileReference; fileEncoding = 4; lastKnownFileType = sourcecode.c.h; path = AFImageRequestOperation.h; sourceTree = "<group>"; };
		73738ACB14AB9A970009D0D3 /* AFImageRequestOperation.m */ = {isa = PBXFileReference; fileEncoding = 4; lastKnownFileType = sourcecode.c.objc; path = AFImageRequestOperation.m; sourceTree = "<group>"; };
		73738ACC14AB9A970009D0D3 /* AFJSONRequestOperation.h */ = {isa = PBXFileReference; fileEncoding = 4; lastKnownFileType = sourcecode.c.h; path = AFJSONRequestOperation.h; sourceTree = "<group>"; };
		73738ACD14AB9A970009D0D3 /* AFJSONRequestOperation.m */ = {isa = PBXFileReference; fileEncoding = 4; lastKnownFileType = sourcecode.c.objc; path = AFJSONRequestOperation.m; sourceTree = "<group>"; };
		73738ACE14AB9A970009D0D3 /* AFJSONUtilities.h */ = {isa = PBXFileReference; fileEncoding = 4; lastKnownFileType = sourcecode.c.h; path = AFJSONUtilities.h; sourceTree = "<group>"; };
		73738ACF14AB9A970009D0D3 /* AFNetworkActivityIndicatorManager.h */ = {isa = PBXFileReference; fileEncoding = 4; lastKnownFileType = sourcecode.c.h; path = AFNetworkActivityIndicatorManager.h; sourceTree = "<group>"; };
		73738AD014AB9A970009D0D3 /* AFNetworkActivityIndicatorManager.m */ = {isa = PBXFileReference; fileEncoding = 4; lastKnownFileType = sourcecode.c.objc; path = AFNetworkActivityIndicatorManager.m; sourceTree = "<group>"; };
		73738AD114AB9A970009D0D3 /* AFNetworking.h */ = {isa = PBXFileReference; fileEncoding = 4; lastKnownFileType = sourcecode.c.h; path = AFNetworking.h; sourceTree = "<group>"; };
		73738AD214AB9A970009D0D3 /* AFOAuth1Client.h */ = {isa = PBXFileReference; fileEncoding = 4; lastKnownFileType = sourcecode.c.h; path = AFOAuth1Client.h; sourceTree = "<group>"; };
		73738AD314AB9A970009D0D3 /* AFOAuth1Client.m */ = {isa = PBXFileReference; fileEncoding = 4; lastKnownFileType = sourcecode.c.objc; path = AFOAuth1Client.m; sourceTree = "<group>"; };
		73738AD414AB9A970009D0D3 /* AFPropertyListRequestOperation.h */ = {isa = PBXFileReference; fileEncoding = 4; lastKnownFileType = sourcecode.c.h; path = AFPropertyListRequestOperation.h; sourceTree = "<group>"; };
		73738AD514AB9A970009D0D3 /* AFPropertyListRequestOperation.m */ = {isa = PBXFileReference; fileEncoding = 4; lastKnownFileType = sourcecode.c.objc; path = AFPropertyListRequestOperation.m; sourceTree = "<group>"; };
		73738AD614AB9A970009D0D3 /* AFURLConnectionOperation.h */ = {isa = PBXFileReference; fileEncoding = 4; lastKnownFileType = sourcecode.c.h; path = AFURLConnectionOperation.h; sourceTree = "<group>"; };
		73738AD714AB9A970009D0D3 /* AFURLConnectionOperation.m */ = {isa = PBXFileReference; fileEncoding = 4; lastKnownFileType = sourcecode.c.objc; path = AFURLConnectionOperation.m; sourceTree = "<group>"; };
		73738AD814AB9A970009D0D3 /* AFXMLRequestOperation.h */ = {isa = PBXFileReference; fileEncoding = 4; lastKnownFileType = sourcecode.c.h; path = AFXMLRequestOperation.h; sourceTree = "<group>"; };
		73738AD914AB9A970009D0D3 /* AFXMLRequestOperation.m */ = {isa = PBXFileReference; fileEncoding = 4; lastKnownFileType = sourcecode.c.objc; path = AFXMLRequestOperation.m; sourceTree = "<group>"; };
		73738ADB14AB9A970009D0D3 /* Base64Transcoder.c */ = {isa = PBXFileReference; fileEncoding = 4; lastKnownFileType = sourcecode.c.c; path = Base64Transcoder.c; sourceTree = "<group>"; };
		73738ADC14AB9A970009D0D3 /* Base64Transcoder.h */ = {isa = PBXFileReference; fileEncoding = 4; lastKnownFileType = sourcecode.c.h; path = Base64Transcoder.h; sourceTree = "<group>"; };
		73738ADD14AB9A970009D0D3 /* hmac.c */ = {isa = PBXFileReference; fileEncoding = 4; lastKnownFileType = sourcecode.c.c; path = hmac.c; sourceTree = "<group>"; };
		73738ADE14AB9A970009D0D3 /* hmac.h */ = {isa = PBXFileReference; fileEncoding = 4; lastKnownFileType = sourcecode.c.h; path = hmac.h; sourceTree = "<group>"; };
		73738ADF14AB9A970009D0D3 /* sha1.c */ = {isa = PBXFileReference; fileEncoding = 4; lastKnownFileType = sourcecode.c.c; path = sha1.c; sourceTree = "<group>"; };
		73738AE014AB9A970009D0D3 /* sha1.h */ = {isa = PBXFileReference; fileEncoding = 4; lastKnownFileType = sourcecode.c.h; path = sha1.h; sourceTree = "<group>"; };
		73738AE114AB9A970009D0D3 /* UIImageView+AFNetworking.h */ = {isa = PBXFileReference; fileEncoding = 4; lastKnownFileType = sourcecode.c.h; path = "UIImageView+AFNetworking.h"; sourceTree = "<group>"; };
		73738AE214AB9A970009D0D3 /* UIImageView+AFNetworking.m */ = {isa = PBXFileReference; fileEncoding = 4; lastKnownFileType = sourcecode.c.objc; path = "UIImageView+AFNetworking.m"; sourceTree = "<group>"; };
/* End PBXFileReference section */

/* Begin PBXFrameworksBuildPhase section */
		73738A9F14AB9A620009D0D3 /* Frameworks */ = {
			isa = PBXFrameworksBuildPhase;
			buildActionMask = 2147483647;
			files = (
				73738AA714AB9A620009D0D3 /* Cocoa.framework in Frameworks */,
			);
			runOnlyForDeploymentPostprocessing = 0;
		};
/* End PBXFrameworksBuildPhase section */

/* Begin PBXGroup section */
		73738A9714AB9A610009D0D3 = {
			isa = PBXGroup;
			children = (
				73738AAC14AB9A620009D0D3 /* TwitterMacExample */,
				73738AA514AB9A620009D0D3 /* Frameworks */,
				73738AA314AB9A620009D0D3 /* Products */,
			);
			sourceTree = "<group>";
		};
		73738AA314AB9A620009D0D3 /* Products */ = {
			isa = PBXGroup;
			children = (
				73738AA214AB9A620009D0D3 /* TwitterMacExample.app */,
			);
			name = Products;
			sourceTree = "<group>";
		};
		73738AA514AB9A620009D0D3 /* Frameworks */ = {
			isa = PBXGroup;
			children = (
				73738AA614AB9A620009D0D3 /* Cocoa.framework */,
				73738AA814AB9A620009D0D3 /* Other Frameworks */,
			);
			name = Frameworks;
			sourceTree = "<group>";
		};
		73738AA814AB9A620009D0D3 /* Other Frameworks */ = {
			isa = PBXGroup;
			children = (
				73738AA914AB9A620009D0D3 /* AppKit.framework */,
				73738AAB14AB9A620009D0D3 /* Foundation.framework */,
			);
			name = "Other Frameworks";
			sourceTree = "<group>";
		};
		73738AAC14AB9A620009D0D3 /* TwitterMacExample */ = {
			isa = PBXGroup;
			children = (
				73738AB814AB9A620009D0D3 /* AppDelegate.h */,
				73738AB914AB9A620009D0D3 /* AppDelegate.m */,
				73738ABB14AB9A620009D0D3 /* MainMenu.xib */,
				73738AC314AB9A970009D0D3 /* AFNetworking */,
				73738AAD14AB9A620009D0D3 /* Supporting Files */,
			);
			path = TwitterMacExample;
			sourceTree = "<group>";
		};
		73738AAD14AB9A620009D0D3 /* Supporting Files */ = {
			isa = PBXGroup;
			children = (
				73738AAE14AB9A620009D0D3 /* TwitterMacExample-Info.plist */,
				73738AAF14AB9A620009D0D3 /* InfoPlist.strings */,
				73738AB214AB9A620009D0D3 /* main.m */,
				73738AB414AB9A620009D0D3 /* TwitterMacExample-Prefix.pch */,
				73738AB514AB9A620009D0D3 /* Credits.rtf */,
			);
			name = "Supporting Files";
			sourceTree = "<group>";
		};
		73738AC314AB9A970009D0D3 /* AFNetworking */ = {
			isa = PBXGroup;
			children = (
				73738AC414AB9A970009D0D3 /* AFHTTPClient.h */,
				73738AC514AB9A970009D0D3 /* AFHTTPClient.m */,
				73738AC614AB9A970009D0D3 /* AFHTTPRequestOperation.h */,
				73738AC714AB9A970009D0D3 /* AFHTTPRequestOperation.m */,
				73738AC814AB9A970009D0D3 /* AFImageCache.h */,
				73738AC914AB9A970009D0D3 /* AFImageCache.m */,
				73738ACA14AB9A970009D0D3 /* AFImageRequestOperation.h */,
				73738ACB14AB9A970009D0D3 /* AFImageRequestOperation.m */,
				73738ACC14AB9A970009D0D3 /* AFJSONRequestOperation.h */,
				73738ACD14AB9A970009D0D3 /* AFJSONRequestOperation.m */,
				73738ACE14AB9A970009D0D3 /* AFJSONUtilities.h */,
				73738ACF14AB9A970009D0D3 /* AFNetworkActivityIndicatorManager.h */,
				73738AD014AB9A970009D0D3 /* AFNetworkActivityIndicatorManager.m */,
				73738AD114AB9A970009D0D3 /* AFNetworking.h */,
				73738AD214AB9A970009D0D3 /* AFOAuth1Client.h */,
				73738AD314AB9A970009D0D3 /* AFOAuth1Client.m */,
				73738AD414AB9A970009D0D3 /* AFPropertyListRequestOperation.h */,
				73738AD514AB9A970009D0D3 /* AFPropertyListRequestOperation.m */,
				73738AD614AB9A970009D0D3 /* AFURLConnectionOperation.h */,
				73738AD714AB9A970009D0D3 /* AFURLConnectionOperation.m */,
				73738AD814AB9A970009D0D3 /* AFXMLRequestOperation.h */,
				73738AD914AB9A970009D0D3 /* AFXMLRequestOperation.m */,
				73738ADA14AB9A970009D0D3 /* Crypto */,
				73738AE114AB9A970009D0D3 /* UIImageView+AFNetworking.h */,
				73738AE214AB9A970009D0D3 /* UIImageView+AFNetworking.m */,
			);
			name = AFNetworking;
			path = "../../Twitter Example Client/AFNetworking";
			sourceTree = "<group>";
		};
		73738ADA14AB9A970009D0D3 /* Crypto */ = {
			isa = PBXGroup;
			children = (
				73738ADB14AB9A970009D0D3 /* Base64Transcoder.c */,
				73738ADC14AB9A970009D0D3 /* Base64Transcoder.h */,
				73738ADD14AB9A970009D0D3 /* hmac.c */,
				73738ADE14AB9A970009D0D3 /* hmac.h */,
				73738ADF14AB9A970009D0D3 /* sha1.c */,
				73738AE014AB9A970009D0D3 /* sha1.h */,
			);
			path = Crypto;
			sourceTree = "<group>";
		};
/* End PBXGroup section */

/* Begin PBXNativeTarget section */
		73738AA114AB9A620009D0D3 /* TwitterMacExample */ = {
			isa = PBXNativeTarget;
			buildConfigurationList = 73738AC014AB9A620009D0D3 /* Build configuration list for PBXNativeTarget "TwitterMacExample" */;
			buildPhases = (
				73738A9E14AB9A620009D0D3 /* Sources */,
				73738A9F14AB9A620009D0D3 /* Frameworks */,
				73738AA014AB9A620009D0D3 /* Resources */,
			);
			buildRules = (
			);
			dependencies = (
			);
			name = TwitterMacExample;
			productName = TwitterMacExample;
			productReference = 73738AA214AB9A620009D0D3 /* TwitterMacExample.app */;
			productType = "com.apple.product-type.application";
		};
/* End PBXNativeTarget section */

/* Begin PBXProject section */
		73738A9914AB9A610009D0D3 /* Project object */ = {
			isa = PBXProject;
			attributes = {
				LastUpgradeCheck = 0420;
			};
			buildConfigurationList = 73738A9C14AB9A610009D0D3 /* Build configuration list for PBXProject "TwitterMacExample" */;
			compatibilityVersion = "Xcode 3.2";
			developmentRegion = English;
			hasScannedForEncodings = 0;
			knownRegions = (
				en,
			);
			mainGroup = 73738A9714AB9A610009D0D3;
			productRefGroup = 73738AA314AB9A620009D0D3 /* Products */;
			projectDirPath = "";
			projectRoot = "";
			targets = (
				73738AA114AB9A620009D0D3 /* TwitterMacExample */,
			);
		};
/* End PBXProject section */

/* Begin PBXResourcesBuildPhase section */
		73738AA014AB9A620009D0D3 /* Resources */ = {
			isa = PBXResourcesBuildPhase;
			buildActionMask = 2147483647;
			files = (
				73738AB114AB9A620009D0D3 /* InfoPlist.strings in Resources */,
				73738AB714AB9A620009D0D3 /* Credits.rtf in Resources */,
				73738ABD14AB9A620009D0D3 /* MainMenu.xib in Resources */,
			);
			runOnlyForDeploymentPostprocessing = 0;
		};
/* End PBXResourcesBuildPhase section */

/* Begin PBXSourcesBuildPhase section */
		73738A9E14AB9A620009D0D3 /* Sources */ = {
			isa = PBXSourcesBuildPhase;
			buildActionMask = 2147483647;
			files = (
				73738AB314AB9A620009D0D3 /* main.m in Sources */,
				73738ABA14AB9A620009D0D3 /* AppDelegate.m in Sources */,
				73738AE314AB9A970009D0D3 /* AFHTTPClient.m in Sources */,
				73738AE414AB9A970009D0D3 /* AFHTTPRequestOperation.m in Sources */,
				73738AE514AB9A970009D0D3 /* AFImageCache.m in Sources */,
				73738AE614AB9A970009D0D3 /* AFImageRequestOperation.m in Sources */,
				73738AE714AB9A970009D0D3 /* AFJSONRequestOperation.m in Sources */,
				73738AE814AB9A970009D0D3 /* AFNetworkActivityIndicatorManager.m in Sources */,
				73738AE914AB9A970009D0D3 /* AFOAuth1Client.m in Sources */,
				73738AEA14AB9A970009D0D3 /* AFPropertyListRequestOperation.m in Sources */,
				73738AEB14AB9A970009D0D3 /* AFURLConnectionOperation.m in Sources */,
				73738AEC14AB9A970009D0D3 /* AFXMLRequestOperation.m in Sources */,
				73738AED14AB9A970009D0D3 /* Base64Transcoder.c in Sources */,
				73738AEE14AB9A970009D0D3 /* hmac.c in Sources */,
				73738AEF14AB9A970009D0D3 /* sha1.c in Sources */,
				73738AF014AB9A970009D0D3 /* UIImageView+AFNetworking.m in Sources */,
			);
			runOnlyForDeploymentPostprocessing = 0;
		};
/* End PBXSourcesBuildPhase section */

/* Begin PBXVariantGroup section */
		73738AAF14AB9A620009D0D3 /* InfoPlist.strings */ = {
			isa = PBXVariantGroup;
			children = (
				73738AB014AB9A620009D0D3 /* en */,
			);
			name = InfoPlist.strings;
			sourceTree = "<group>";
		};
		73738AB514AB9A620009D0D3 /* Credits.rtf */ = {
			isa = PBXVariantGroup;
			children = (
				73738AB614AB9A620009D0D3 /* en */,
			);
			name = Credits.rtf;
			sourceTree = "<group>";
		};
		73738ABB14AB9A620009D0D3 /* MainMenu.xib */ = {
			isa = PBXVariantGroup;
			children = (
				73738ABC14AB9A620009D0D3 /* en */,
			);
			name = MainMenu.xib;
			sourceTree = "<group>";
		};
/* End PBXVariantGroup section */

/* Begin XCBuildConfiguration section */
		73738ABE14AB9A620009D0D3 /* Debug */ = {
			isa = XCBuildConfiguration;
			buildSettings = {
				ALWAYS_SEARCH_USER_PATHS = NO;
				ARCHS = "$(ARCHS_STANDARD_64_BIT)";
				COPY_PHASE_STRIP = NO;
				GCC_C_LANGUAGE_STANDARD = gnu99;
				GCC_DYNAMIC_NO_PIC = NO;
				GCC_ENABLE_OBJC_EXCEPTIONS = YES;
				GCC_OPTIMIZATION_LEVEL = 0;
				GCC_PREPROCESSOR_DEFINITIONS = (
					"DEBUG=1",
					"$(inherited)",
				);
				GCC_SYMBOLS_PRIVATE_EXTERN = NO;
				GCC_VERSION = com.apple.compilers.llvm.clang.1_0;
				GCC_WARN_64_TO_32_BIT_CONVERSION = YES;
				GCC_WARN_ABOUT_MISSING_PROTOTYPES = YES;
				GCC_WARN_ABOUT_RETURN_TYPE = YES;
				GCC_WARN_UNUSED_VARIABLE = YES;
				MACOSX_DEPLOYMENT_TARGET = 10.7;
				ONLY_ACTIVE_ARCH = YES;
				SDKROOT = macosx;
			};
			name = Debug;
		};
		73738ABF14AB9A620009D0D3 /* Release */ = {
			isa = XCBuildConfiguration;
			buildSettings = {
				ALWAYS_SEARCH_USER_PATHS = NO;
				ARCHS = "$(ARCHS_STANDARD_64_BIT)";
				COPY_PHASE_STRIP = YES;
				DEBUG_INFORMATION_FORMAT = "dwarf-with-dsym";
				GCC_C_LANGUAGE_STANDARD = gnu99;
				GCC_ENABLE_OBJC_EXCEPTIONS = YES;
				GCC_VERSION = com.apple.compilers.llvm.clang.1_0;
				GCC_WARN_64_TO_32_BIT_CONVERSION = YES;
				GCC_WARN_ABOUT_MISSING_PROTOTYPES = YES;
				GCC_WARN_ABOUT_RETURN_TYPE = YES;
				GCC_WARN_UNUSED_VARIABLE = YES;
				MACOSX_DEPLOYMENT_TARGET = 10.7;
				SDKROOT = macosx;
			};
			name = Release;
		};
		73738AC114AB9A620009D0D3 /* Debug */ = {
			isa = XCBuildConfiguration;
			buildSettings = {
				GCC_PRECOMPILE_PREFIX_HEADER = YES;
				GCC_PREFIX_HEADER = "TwitterMacExample/TwitterMacExample-Prefix.pch";
				INFOPLIST_FILE = "TwitterMacExample/TwitterMacExample-Info.plist";
				PRODUCT_NAME = "$(TARGET_NAME)";
				WRAPPER_EXTENSION = app;
			};
			name = Debug;
		};
		73738AC214AB9A620009D0D3 /* Release */ = {
			isa = XCBuildConfiguration;
			buildSettings = {
				GCC_PRECOMPILE_PREFIX_HEADER = YES;
				GCC_PREFIX_HEADER = "TwitterMacExample/TwitterMacExample-Prefix.pch";
				INFOPLIST_FILE = "TwitterMacExample/TwitterMacExample-Info.plist";
				PRODUCT_NAME = "$(TARGET_NAME)";
				WRAPPER_EXTENSION = app;
			};
			name = Release;
		};
/* End XCBuildConfiguration section */

/* Begin XCConfigurationList section */
		73738A9C14AB9A610009D0D3 /* Build configuration list for PBXProject "TwitterMacExample" */ = {
			isa = XCConfigurationList;
			buildConfigurations = (
				73738ABE14AB9A620009D0D3 /* Debug */,
				73738ABF14AB9A620009D0D3 /* Release */,
			);
			defaultConfigurationIsVisible = 0;
			defaultConfigurationName = Release;
		};
		73738AC014AB9A620009D0D3 /* Build configuration list for PBXNativeTarget "TwitterMacExample" */ = {
			isa = XCConfigurationList;
			buildConfigurations = (
				73738AC114AB9A620009D0D3 /* Debug */,
				73738AC214AB9A620009D0D3 /* Release */,
			);
			defaultConfigurationIsVisible = 0;
			defaultConfigurationName = Release;
		};
/* End XCConfigurationList section */
	};
	rootObject = 73738A9914AB9A610009D0D3 /* Project object */;
}
