// !$*UTF8*$!
{
	archiveVersion = 1;
	classes = {
	};
	objectVersion = 46;
	objects = {

/* Begin PBXBuildFile section */
		73738AA714AB9A620009D0D3 /* Cocoa.framework in Frameworks */ = {isa = PBXBuildFile; fileRef = 73738AA614AB9A620009D0D3 /* Cocoa.framework */; };
		73738AB114AB9A620009D0D3 /* InfoPlist.strings in Resources */ = {isa = PBXBuildFile; fileRef = 73738AAF14AB9A620009D0D3 /* InfoPlist.strings */; };
		73738AB314AB9A620009D0D3 /* main.m in Sources */ = {isa = PBXBuildFile; fileRef = 73738AB214AB9A620009D0D3 /* main.m */; };
		73738AB714AB9A620009D0D3 /* Credits.rtf in Resources */ = {isa = PBXBuildFile; fileRef = 73738AB514AB9A620009D0D3 /* Credits.rtf */; };
		73738ABA14AB9A620009D0D3 /* AppDelegate.m in Sources */ = {isa = PBXBuildFile; fileRef = 73738AB914AB9A620009D0D3 /* AppDelegate.m */; };
		73738ABD14AB9A620009D0D3 /* MainMenu.xib in Resources */ = {isa = PBXBuildFile; fileRef = 73738ABB14AB9A620009D0D3 /* MainMenu.xib */; };
		E1789BE4167EA31B002C55CE /* AFHTTPClient.m in Sources */ = {isa = PBXBuildFile; fileRef = E1789BD2167EA31B002C55CE /* AFHTTPClient.m */; };
		E1789BE5167EA31B002C55CE /* AFHTTPRequestOperation.m in Sources */ = {isa = PBXBuildFile; fileRef = E1789BD4167EA31B002C55CE /* AFHTTPRequestOperation.m */; };
		E1789BE6167EA31B002C55CE /* AFImageRequestOperation.m in Sources */ = {isa = PBXBuildFile; fileRef = E1789BD6167EA31B002C55CE /* AFImageRequestOperation.m */; };
		E1789BE7167EA31B002C55CE /* AFJSONRequestOperation.m in Sources */ = {isa = PBXBuildFile; fileRef = E1789BD8167EA31B002C55CE /* AFJSONRequestOperation.m */; };
		E1789BE8167EA31B002C55CE /* AFNetworkActivityIndicatorManager.m in Sources */ = {isa = PBXBuildFile; fileRef = E1789BDA167EA31B002C55CE /* AFNetworkActivityIndicatorManager.m */; };
		E1789BE9167EA31B002C55CE /* AFPropertyListRequestOperation.m in Sources */ = {isa = PBXBuildFile; fileRef = E1789BDD167EA31B002C55CE /* AFPropertyListRequestOperation.m */; };
		E1789BEA167EA31B002C55CE /* AFURLConnectionOperation.m in Sources */ = {isa = PBXBuildFile; fileRef = E1789BDF167EA31B002C55CE /* AFURLConnectionOperation.m */; };
		E1789BEB167EA31B002C55CE /* AFXMLRequestOperation.m in Sources */ = {isa = PBXBuildFile; fileRef = E1789BE1167EA31B002C55CE /* AFXMLRequestOperation.m */; };
		E1789BEC167EA31B002C55CE /* UIImageView+AFNetworking.m in Sources */ = {isa = PBXBuildFile; fileRef = E1789BE3167EA31B002C55CE /* UIImageView+AFNetworking.m */; };
		E1789C01167EA373002C55CE /* AFOAuth1Client.m in Sources */ = {isa = PBXBuildFile; fileRef = E1789C00167EA373002C55CE /* AFOAuth1Client.m */; };
		E1789C08167EA39B002C55CE /* Base64Transcoder.c in Sources */ = {isa = PBXBuildFile; fileRef = E1789C02167EA39B002C55CE /* Base64Transcoder.c */; };
		E1789C09167EA39B002C55CE /* hmac.c in Sources */ = {isa = PBXBuildFile; fileRef = E1789C04167EA39B002C55CE /* hmac.c */; };
		E1789C0A167EA39B002C55CE /* sha1.c in Sources */ = {isa = PBXBuildFile; fileRef = E1789C06167EA39B002C55CE /* sha1.c */; };
/* End PBXBuildFile section */

/* Begin PBXFileReference section */
		73738AA214AB9A620009D0D3 /* TwitterMacExample.app */ = {isa = PBXFileReference; explicitFileType = wrapper.application; includeInIndex = 0; path = TwitterMacExample.app; sourceTree = BUILT_PRODUCTS_DIR; };
		73738AA614AB9A620009D0D3 /* Cocoa.framework */ = {isa = PBXFileReference; lastKnownFileType = wrapper.framework; name = Cocoa.framework; path = System/Library/Frameworks/Cocoa.framework; sourceTree = SDKROOT; };
		73738AA914AB9A620009D0D3 /* AppKit.framework */ = {isa = PBXFileReference; lastKnownFileType = wrapper.framework; name = AppKit.framework; path = System/Library/Frameworks/AppKit.framework; sourceTree = SDKROOT; };
		73738AAB14AB9A620009D0D3 /* Foundation.framework */ = {isa = PBXFileReference; lastKnownFileType = wrapper.framework; name = Foundation.framework; path = System/Library/Frameworks/Foundation.framework; sourceTree = SDKROOT; };
		73738AAE14AB9A620009D0D3 /* TwitterMacExample-Info.plist */ = {isa = PBXFileReference; lastKnownFileType = text.plist.xml; path = "TwitterMacExample-Info.plist"; sourceTree = "<group>"; };
		73738AB014AB9A620009D0D3 /* en */ = {isa = PBXFileReference; lastKnownFileType = text.plist.strings; name = en; path = en.lproj/InfoPlist.strings; sourceTree = "<group>"; };
		73738AB214AB9A620009D0D3 /* main.m */ = {isa = PBXFileReference; lastKnownFileType = sourcecode.c.objc; path = main.m; sourceTree = "<group>"; };
		73738AB414AB9A620009D0D3 /* TwitterMacExample-Prefix.pch */ = {isa = PBXFileReference; lastKnownFileType = sourcecode.c.h; path = "TwitterMacExample-Prefix.pch"; sourceTree = "<group>"; };
		73738AB614AB9A620009D0D3 /* en */ = {isa = PBXFileReference; lastKnownFileType = text.rtf; name = en; path = en.lproj/Credits.rtf; sourceTree = "<group>"; };
		73738AB814AB9A620009D0D3 /* AppDelegate.h */ = {isa = PBXFileReference; lastKnownFileType = sourcecode.c.h; path = AppDelegate.h; sourceTree = "<group>"; };
		73738AB914AB9A620009D0D3 /* AppDelegate.m */ = {isa = PBXFileReference; lastKnownFileType = sourcecode.c.objc; path = AppDelegate.m; sourceTree = "<group>"; };
		73738ABC14AB9A620009D0D3 /* en */ = {isa = PBXFileReference; lastKnownFileType = file.xib; name = en; path = en.lproj/MainMenu.xib; sourceTree = "<group>"; };
		E1789BD1167EA31B002C55CE /* AFHTTPClient.h */ = {isa = PBXFileReference; fileEncoding = 4; lastKnownFileType = sourcecode.c.h; name = AFHTTPClient.h; path = AFNetworking/AFHTTPClient.h; sourceTree = "<group>"; };
		E1789BD2167EA31B002C55CE /* AFHTTPClient.m */ = {isa = PBXFileReference; fileEncoding = 4; lastKnownFileType = sourcecode.c.objc; name = AFHTTPClient.m; path = AFNetworking/AFHTTPClient.m; sourceTree = "<group>"; };
		E1789BD3167EA31B002C55CE /* AFHTTPRequestOperation.h */ = {isa = PBXFileReference; fileEncoding = 4; lastKnownFileType = sourcecode.c.h; name = AFHTTPRequestOperation.h; path = AFNetworking/AFHTTPRequestOperation.h; sourceTree = "<group>"; };
		E1789BD4167EA31B002C55CE /* AFHTTPRequestOperation.m */ = {isa = PBXFileReference; fileEncoding = 4; lastKnownFileType = sourcecode.c.objc; name = AFHTTPRequestOperation.m; path = AFNetworking/AFHTTPRequestOperation.m; sourceTree = "<group>"; };
		E1789BD5167EA31B002C55CE /* AFImageRequestOperation.h */ = {isa = PBXFileReference; fileEncoding = 4; lastKnownFileType = sourcecode.c.h; name = AFImageRequestOperation.h; path = AFNetworking/AFImageRequestOperation.h; sourceTree = "<group>"; };
		E1789BD6167EA31B002C55CE /* AFImageRequestOperation.m */ = {isa = PBXFileReference; fileEncoding = 4; lastKnownFileType = sourcecode.c.objc; name = AFImageRequestOperation.m; path = AFNetworking/AFImageRequestOperation.m; sourceTree = "<group>"; };
		E1789BD7167EA31B002C55CE /* AFJSONRequestOperation.h */ = {isa = PBXFileReference; fileEncoding = 4; lastKnownFileType = sourcecode.c.h; name = AFJSONRequestOperation.h; path = AFNetworking/AFJSONRequestOperation.h; sourceTree = "<group>"; };
		E1789BD8167EA31B002C55CE /* AFJSONRequestOperation.m */ = {isa = PBXFileReference; fileEncoding = 4; lastKnownFileType = sourcecode.c.objc; name = AFJSONRequestOperation.m; path = AFNetworking/AFJSONRequestOperation.m; sourceTree = "<group>"; };
		E1789BD9167EA31B002C55CE /* AFNetworkActivityIndicatorManager.h */ = {isa = PBXFileReference; fileEncoding = 4; lastKnownFileType = sourcecode.c.h; name = AFNetworkActivityIndicatorManager.h; path = AFNetworking/AFNetworkActivityIndicatorManager.h; sourceTree = "<group>"; };
		E1789BDA167EA31B002C55CE /* AFNetworkActivityIndicatorManager.m */ = {isa = PBXFileReference; fileEncoding = 4; lastKnownFileType = sourcecode.c.objc; name = AFNetworkActivityIndicatorManager.m; path = AFNetworking/AFNetworkActivityIndicatorManager.m; sourceTree = "<group>"; };
		E1789BDB167EA31B002C55CE /* AFNetworking.h */ = {isa = PBXFileReference; fileEncoding = 4; lastKnownFileType = sourcecode.c.h; name = AFNetworking.h; path = AFNetworking/AFNetworking.h; sourceTree = "<group>"; };
		E1789BDC167EA31B002C55CE /* AFPropertyListRequestOperation.h */ = {isa = PBXFileReference; fileEncoding = 4; lastKnownFileType = sourcecode.c.h; name = AFPropertyListRequestOperation.h; path = AFNetworking/AFPropertyListRequestOperation.h; sourceTree = "<group>"; };
		E1789BDD167EA31B002C55CE /* AFPropertyListRequestOperation.m */ = {isa = PBXFileReference; fileEncoding = 4; lastKnownFileType = sourcecode.c.objc; name = AFPropertyListRequestOperation.m; path = AFNetworking/AFPropertyListRequestOperation.m; sourceTree = "<group>"; };
		E1789BDE167EA31B002C55CE /* AFURLConnectionOperation.h */ = {isa = PBXFileReference; fileEncoding = 4; lastKnownFileType = sourcecode.c.h; name = AFURLConnectionOperation.h; path = AFNetworking/AFURLConnectionOperation.h; sourceTree = "<group>"; };
		E1789BDF167EA31B002C55CE /* AFURLConnectionOperation.m */ = {isa = PBXFileReference; fileEncoding = 4; lastKnownFileType = sourcecode.c.objc; name = AFURLConnectionOperation.m; path = AFNetworking/AFURLConnectionOperation.m; sourceTree = "<group>"; };
		E1789BE0167EA31B002C55CE /* AFXMLRequestOperation.h */ = {isa = PBXFileReference; fileEncoding = 4; lastKnownFileType = sourcecode.c.h; name = AFXMLRequestOperation.h; path = AFNetworking/AFXMLRequestOperation.h; sourceTree = "<group>"; };
		E1789BE1167EA31B002C55CE /* AFXMLRequestOperation.m */ = {isa = PBXFileReference; fileEncoding = 4; lastKnownFileType = sourcecode.c.objc; name = AFXMLRequestOperation.m; path = AFNetworking/AFXMLRequestOperation.m; sourceTree = "<group>"; };
		E1789BE2167EA31B002C55CE /* UIImageView+AFNetworking.h */ = {isa = PBXFileReference; fileEncoding = 4; lastKnownFileType = sourcecode.c.h; name = "UIImageView+AFNetworking.h"; path = "AFNetworking/UIImageView+AFNetworking.h"; sourceTree = "<group>"; };
		E1789BE3167EA31B002C55CE /* UIImageView+AFNetworking.m */ = {isa = PBXFileReference; fileEncoding = 4; lastKnownFileType = sourcecode.c.objc; name = "UIImageView+AFNetworking.m"; path = "AFNetworking/UIImageView+AFNetworking.m"; sourceTree = "<group>"; };
		E1789BFF167EA373002C55CE /* AFOAuth1Client.h */ = {isa = PBXFileReference; fileEncoding = 4; lastKnownFileType = sourcecode.c.h; name = AFOAuth1Client.h; path = ../../AFOAuth1Client.h; sourceTree = "<group>"; };
		E1789C00167EA373002C55CE /* AFOAuth1Client.m */ = {isa = PBXFileReference; fileEncoding = 4; lastKnownFileType = sourcecode.c.objc; name = AFOAuth1Client.m; path = ../../AFOAuth1Client.m; sourceTree = "<group>"; };
		E1789C02167EA39B002C55CE /* Base64Transcoder.c */ = {isa = PBXFileReference; fileEncoding = 4; lastKnownFileType = sourcecode.c.c; name = Base64Transcoder.c; path = ../../Crypto/Base64Transcoder.c; sourceTree = "<group>"; };
		E1789C03167EA39B002C55CE /* Base64Transcoder.h */ = {isa = PBXFileReference; fileEncoding = 4; lastKnownFileType = sourcecode.c.h; name = Base64Transcoder.h; path = ../../Crypto/Base64Transcoder.h; sourceTree = "<group>"; };
		E1789C04167EA39B002C55CE /* hmac.c */ = {isa = PBXFileReference; fileEncoding = 4; lastKnownFileType = sourcecode.c.c; name = hmac.c; path = ../../Crypto/hmac.c; sourceTree = "<group>"; };
		E1789C05167EA39B002C55CE /* hmac.h */ = {isa = PBXFileReference; fileEncoding = 4; lastKnownFileType = sourcecode.c.h; name = hmac.h; path = ../../Crypto/hmac.h; sourceTree = "<group>"; };
		E1789C06167EA39B002C55CE /* sha1.c */ = {isa = PBXFileReference; fileEncoding = 4; lastKnownFileType = sourcecode.c.c; name = sha1.c; path = ../../Crypto/sha1.c; sourceTree = "<group>"; };
		E1789C07167EA39B002C55CE /* sha1.h */ = {isa = PBXFileReference; fileEncoding = 4; lastKnownFileType = sourcecode.c.h; name = sha1.h; path = ../../Crypto/sha1.h; sourceTree = "<group>"; };
/* End PBXFileReference section */

/* Begin PBXFrameworksBuildPhase section */
		73738A9F14AB9A620009D0D3 /* Frameworks */ = {
			isa = PBXFrameworksBuildPhase;
			buildActionMask = 2147483647;
			files = (
				73738AA714AB9A620009D0D3 /* Cocoa.framework in Frameworks */,
			);
			runOnlyForDeploymentPostprocessing = 0;
		};
/* End PBXFrameworksBuildPhase section */

/* Begin PBXGroup section */
		73738A9714AB9A610009D0D3 = {
			isa = PBXGroup;
			children = (
				73738AAC14AB9A620009D0D3 /* TwitterMacExample */,
				E1789C0D167EA4A6002C55CE /* Vendor */,
				73738AA514AB9A620009D0D3 /* Frameworks */,
				73738AA314AB9A620009D0D3 /* Products */,
			);
			sourceTree = "<group>";
		};
		73738AA314AB9A620009D0D3 /* Products */ = {
			isa = PBXGroup;
			children = (
				73738AA214AB9A620009D0D3 /* TwitterMacExample.app */,
			);
			name = Products;
			sourceTree = "<group>";
		};
		73738AA514AB9A620009D0D3 /* Frameworks */ = {
			isa = PBXGroup;
			children = (
				73738AA614AB9A620009D0D3 /* Cocoa.framework */,
				73738AA814AB9A620009D0D3 /* Other Frameworks */,
			);
			name = Frameworks;
			sourceTree = "<group>";
		};
		73738AA814AB9A620009D0D3 /* Other Frameworks */ = {
			isa = PBXGroup;
			children = (
				73738AA914AB9A620009D0D3 /* AppKit.framework */,
				73738AAB14AB9A620009D0D3 /* Foundation.framework */,
			);
			name = "Other Frameworks";
			sourceTree = "<group>";
		};
		73738AAC14AB9A620009D0D3 /* TwitterMacExample */ = {
			isa = PBXGroup;
			children = (
				73738AB814AB9A620009D0D3 /* AppDelegate.h */,
				73738AB914AB9A620009D0D3 /* AppDelegate.m */,
				73738ABB14AB9A620009D0D3 /* MainMenu.xib */,
				73738AAD14AB9A620009D0D3 /* Supporting Files */,
			);
			path = TwitterMacExample;
			sourceTree = "<group>";
		};
		73738AAD14AB9A620009D0D3 /* Supporting Files */ = {
			isa = PBXGroup;
			children = (
				73738AAE14AB9A620009D0D3 /* TwitterMacExample-Info.plist */,
				73738AAF14AB9A620009D0D3 /* InfoPlist.strings */,
				73738AB214AB9A620009D0D3 /* main.m */,
				73738AB414AB9A620009D0D3 /* TwitterMacExample-Prefix.pch */,
				73738AB514AB9A620009D0D3 /* Credits.rtf */,
			);
			name = "Supporting Files";
			sourceTree = "<group>";
		};
		73738AC314AB9A970009D0D3 /* AFNetworking */ = {
			isa = PBXGroup;
			children = (
				E1789BD1167EA31B002C55CE /* AFHTTPClient.h */,
				E1789BD2167EA31B002C55CE /* AFHTTPClient.m */,
				E1789BD3167EA31B002C55CE /* AFHTTPRequestOperation.h */,
				E1789BD4167EA31B002C55CE /* AFHTTPRequestOperation.m */,
				E1789BD5167EA31B002C55CE /* AFImageRequestOperation.h */,
				E1789BD6167EA31B002C55CE /* AFImageRequestOperation.m */,
				E1789BD7167EA31B002C55CE /* AFJSONRequestOperation.h */,
				E1789BD8167EA31B002C55CE /* AFJSONRequestOperation.m */,
				E1789BD9167EA31B002C55CE /* AFNetworkActivityIndicatorManager.h */,
				E1789BDA167EA31B002C55CE /* AFNetworkActivityIndicatorManager.m */,
				E1789BDB167EA31B002C55CE /* AFNetworking.h */,
				E1789BDC167EA31B002C55CE /* AFPropertyListRequestOperation.h */,
				E1789BDD167EA31B002C55CE /* AFPropertyListRequestOperation.m */,
				E1789BDE167EA31B002C55CE /* AFURLConnectionOperation.h */,
				E1789BDF167EA31B002C55CE /* AFURLConnectionOperation.m */,
				E1789BE0167EA31B002C55CE /* AFXMLRequestOperation.h */,
				E1789BE1167EA31B002C55CE /* AFXMLRequestOperation.m */,
				E1789BE2167EA31B002C55CE /* UIImageView+AFNetworking.h */,
				E1789BE3167EA31B002C55CE /* UIImageView+AFNetworking.m */,
			);
			name = AFNetworking;
			path = "../../Twitter Example Client/AFNetworking";
			sourceTree = "<group>";
		};
		E1789C0B167EA498002C55CE /* Crypto */ = {
			isa = PBXGroup;
			children = (
				E1789C02167EA39B002C55CE /* Base64Transcoder.c */,
				E1789C03167EA39B002C55CE /* Base64Transcoder.h */,
				E1789C04167EA39B002C55CE /* hmac.c */,
				E1789C05167EA39B002C55CE /* hmac.h */,
				E1789C06167EA39B002C55CE /* sha1.c */,
				E1789C07167EA39B002C55CE /* sha1.h */,
			);
			name = Crypto;
			sourceTree = "<group>";
		};
		E1789C0C167EA4A1002C55CE /* AFOAuth1Client */ = {
			isa = PBXGroup;
			children = (
				E1789BFF167EA373002C55CE /* AFOAuth1Client.h */,
				E1789C00167EA373002C55CE /* AFOAuth1Client.m */,
			);
			name = AFOAuth1Client;
			sourceTree = "<group>";
		};
		E1789C0D167EA4A6002C55CE /* Vendor */ = {
			isa = PBXGroup;
			children = (
				E1789C0C167EA4A1002C55CE /* AFOAuth1Client */,
				E1789C0B167EA498002C55CE /* Crypto */,
				73738AC314AB9A970009D0D3 /* AFNetworking */,
			);
			name = Vendor;
			path = TwitterMacExample;
			sourceTree = "<group>";
		};
/* End PBXGroup section */

/* Begin PBXNativeTarget section */
		73738AA114AB9A620009D0D3 /* TwitterMacExample */ = {
			isa = PBXNativeTarget;
			buildConfigurationList = 73738AC014AB9A620009D0D3 /* Build configuration list for PBXNativeTarget "TwitterMacExample" */;
			buildPhases = (
				73738A9E14AB9A620009D0D3 /* Sources */,
				73738A9F14AB9A620009D0D3 /* Frameworks */,
				73738AA014AB9A620009D0D3 /* Resources */,
			);
			buildRules = (
			);
			dependencies = (
			);
			name = TwitterMacExample;
			productName = TwitterMacExample;
			productReference = 73738AA214AB9A620009D0D3 /* TwitterMacExample.app */;
			productType = "com.apple.product-type.application";
		};
/* End PBXNativeTarget section */

/* Begin PBXProject section */
		73738A9914AB9A610009D0D3 /* Project object */ = {
			isa = PBXProject;
			attributes = {
				LastUpgradeCheck = 0420;
			};
			buildConfigurationList = 73738A9C14AB9A610009D0D3 /* Build configuration list for PBXProject "TwitterMacExample" */;
			compatibilityVersion = "Xcode 3.2";
			developmentRegion = English;
			hasScannedForEncodings = 0;
			knownRegions = (
				en,
			);
			mainGroup = 73738A9714AB9A610009D0D3;
			productRefGroup = 73738AA314AB9A620009D0D3 /* Products */;
			projectDirPath = "";
			projectRoot = "";
			targets = (
				73738AA114AB9A620009D0D3 /* TwitterMacExample */,
			);
		};
/* End PBXProject section */

/* Begin PBXResourcesBuildPhase section */
		73738AA014AB9A620009D0D3 /* Resources */ = {
			isa = PBXResourcesBuildPhase;
			buildActionMask = 2147483647;
			files = (
				73738AB114AB9A620009D0D3 /* InfoPlist.strings in Resources */,
				73738AB714AB9A620009D0D3 /* Credits.rtf in Resources */,
				73738ABD14AB9A620009D0D3 /* MainMenu.xib in Resources */,
			);
			runOnlyForDeploymentPostprocessing = 0;
		};
/* End PBXResourcesBuildPhase section */

/* Begin PBXSourcesBuildPhase section */
		73738A9E14AB9A620009D0D3 /* Sources */ = {
			isa = PBXSourcesBuildPhase;
			buildActionMask = 2147483647;
			files = (
				73738AB314AB9A620009D0D3 /* main.m in Sources */,
				73738ABA14AB9A620009D0D3 /* AppDelegate.m in Sources */,
				E1789BE4167EA31B002C55CE /* AFHTTPClient.m in Sources */,
				E1789BE5167EA31B002C55CE /* AFHTTPRequestOperation.m in Sources */,
				E1789BE6167EA31B002C55CE /* AFImageRequestOperation.m in Sources */,
				E1789BE7167EA31B002C55CE /* AFJSONRequestOperation.m in Sources */,
				E1789BE8167EA31B002C55CE /* AFNetworkActivityIndicatorManager.m in Sources */,
				E1789BE9167EA31B002C55CE /* AFPropertyListRequestOperation.m in Sources */,
				E1789BEA167EA31B002C55CE /* AFURLConnectionOperation.m in Sources */,
				E1789BEB167EA31B002C55CE /* AFXMLRequestOperation.m in Sources */,
				E1789BEC167EA31B002C55CE /* UIImageView+AFNetworking.m in Sources */,
				E1789C01167EA373002C55CE /* AFOAuth1Client.m in Sources */,
				E1789C08167EA39B002C55CE /* Base64Transcoder.c in Sources */,
				E1789C09167EA39B002C55CE /* hmac.c in Sources */,
				E1789C0A167EA39B002C55CE /* sha1.c in Sources */,
			);
			runOnlyForDeploymentPostprocessing = 0;
		};
/* End PBXSourcesBuildPhase section */

/* Begin PBXVariantGroup section */
		73738AAF14AB9A620009D0D3 /* InfoPlist.strings */ = {
			isa = PBXVariantGroup;
			children = (
				73738AB014AB9A620009D0D3 /* en */,
			);
			name = InfoPlist.strings;
			sourceTree = "<group>";
		};
		73738AB514AB9A620009D0D3 /* Credits.rtf */ = {
			isa = PBXVariantGroup;
			children = (
				73738AB614AB9A620009D0D3 /* en */,
			);
			name = Credits.rtf;
			sourceTree = "<group>";
		};
		73738ABB14AB9A620009D0D3 /* MainMenu.xib */ = {
			isa = PBXVariantGroup;
			children = (
				73738ABC14AB9A620009D0D3 /* en */,
			);
			name = MainMenu.xib;
			sourceTree = "<group>";
		};
/* End PBXVariantGroup section */

/* Begin XCBuildConfiguration section */
		73738ABE14AB9A620009D0D3 /* Debug */ = {
			isa = XCBuildConfiguration;
			buildSettings = {
				ALWAYS_SEARCH_USER_PATHS = NO;
				ARCHS = "$(ARCHS_STANDARD_64_BIT)";
				COPY_PHASE_STRIP = NO;
				GCC_C_LANGUAGE_STANDARD = gnu99;
				GCC_DYNAMIC_NO_PIC = NO;
				GCC_ENABLE_OBJC_EXCEPTIONS = YES;
				GCC_OPTIMIZATION_LEVEL = 0;
				GCC_PREPROCESSOR_DEFINITIONS = (
					"DEBUG=1",
					"$(inherited)",
				);
				GCC_SYMBOLS_PRIVATE_EXTERN = NO;
				GCC_VERSION = com.apple.compilers.llvm.clang.1_0;
				GCC_WARN_64_TO_32_BIT_CONVERSION = YES;
				GCC_WARN_ABOUT_MISSING_PROTOTYPES = YES;
				GCC_WARN_ABOUT_RETURN_TYPE = YES;
				GCC_WARN_UNUSED_VARIABLE = YES;
				MACOSX_DEPLOYMENT_TARGET = 10.7;
				ONLY_ACTIVE_ARCH = YES;
				SDKROOT = macosx;
			};
			name = Debug;
		};
		73738ABF14AB9A620009D0D3 /* Release */ = {
			isa = XCBuildConfiguration;
			buildSettings = {
				ALWAYS_SEARCH_USER_PATHS = NO;
				ARCHS = "$(ARCHS_STANDARD_64_BIT)";
				COPY_PHASE_STRIP = YES;
				DEBUG_INFORMATION_FORMAT = "dwarf-with-dsym";
				GCC_C_LANGUAGE_STANDARD = gnu99;
				GCC_ENABLE_OBJC_EXCEPTIONS = YES;
				GCC_VERSION = com.apple.compilers.llvm.clang.1_0;
				GCC_WARN_64_TO_32_BIT_CONVERSION = YES;
				GCC_WARN_ABOUT_MISSING_PROTOTYPES = YES;
				GCC_WARN_ABOUT_RETURN_TYPE = YES;
				GCC_WARN_UNUSED_VARIABLE = YES;
				MACOSX_DEPLOYMENT_TARGET = 10.7;
				SDKROOT = macosx;
			};
			name = Release;
		};
		73738AC114AB9A620009D0D3 /* Debug */ = {
			isa = XCBuildConfiguration;
			buildSettings = {
				CLANG_ENABLE_OBJC_ARC = YES;
				GCC_PRECOMPILE_PREFIX_HEADER = YES;
				GCC_PREFIX_HEADER = "TwitterMacExample/TwitterMacExample-Prefix.pch";
				INFOPLIST_FILE = "TwitterMacExample/TwitterMacExample-Info.plist";
				PRODUCT_NAME = "$(TARGET_NAME)";
				WRAPPER_EXTENSION = app;
			};
			name = Debug;
		};
		73738AC214AB9A620009D0D3 /* Release */ = {
			isa = XCBuildConfiguration;
			buildSettings = {
				CLANG_ENABLE_OBJC_ARC = YES;
				GCC_PRECOMPILE_PREFIX_HEADER = YES;
				GCC_PREFIX_HEADER = "TwitterMacExample/TwitterMacExample-Prefix.pch";
				INFOPLIST_FILE = "TwitterMacExample/TwitterMacExample-Info.plist";
				PRODUCT_NAME = "$(TARGET_NAME)";
				WRAPPER_EXTENSION = app;
			};
			name = Release;
		};
/* End XCBuildConfiguration section */

/* Begin XCConfigurationList section */
		73738A9C14AB9A610009D0D3 /* Build configuration list for PBXProject "TwitterMacExample" */ = {
			isa = XCConfigurationList;
			buildConfigurations = (
				73738ABE14AB9A620009D0D3 /* Debug */,
				73738ABF14AB9A620009D0D3 /* Release */,
			);
			defaultConfigurationIsVisible = 0;
			defaultConfigurationName = Release;
		};
		73738AC014AB9A620009D0D3 /* Build configuration list for PBXNativeTarget "TwitterMacExample" */ = {
			isa = XCConfigurationList;
			buildConfigurations = (
				73738AC114AB9A620009D0D3 /* Debug */,
				73738AC214AB9A620009D0D3 /* Release */,
			);
			defaultConfigurationIsVisible = 0;
			defaultConfigurationName = Release;
		};
/* End XCConfigurationList section */
	};
	rootObject = 73738A9914AB9A610009D0D3 /* Project object */;
}
