// !$*UTF8*$!
{
	archiveVersion = 1;
	classes = {
	};
	objectVersion = 46;
	objects = {

/* Begin PBXBuildFile section */
		3B951FF416944D5B00BAF7F8 /* Cocoa.framework in Frameworks */ = {isa = PBXBuildFile; fileRef = 3B951FF316944D5B00BAF7F8 /* Cocoa.framework */; };
		3B95200016944D5B00BAF7F8 /* main.m in Sources */ = {isa = PBXBuildFile; fileRef = 3B951FFF16944D5B00BAF7F8 /* main.m */; };
		3B95200716944D5B00BAF7F8 /* AppDelegate.m in Sources */ = {isa = PBXBuildFile; fileRef = 3B95200616944D5B00BAF7F8 /* AppDelegate.m */; };
		3B95200A16944D5B00BAF7F8 /* MainMenu.xib in Resources */ = {isa = PBXBuildFile; fileRef = 3B95200816944D5B00BAF7F8 /* MainMenu.xib */; };
		5DF7787E1B3E2621003AE3C7 /* AFHTTPRequestOperation.m in Sources */ = {isa = PBXBuildFile; fileRef = 5DF7786C1B3E2621003AE3C7 /* AFHTTPRequestOperation.m */; };
		5DF7787F1B3E2621003AE3C7 /* AFHTTPRequestOperationManager.m in Sources */ = {isa = PBXBuildFile; fileRef = 5DF7786E1B3E2621003AE3C7 /* AFHTTPRequestOperationManager.m */; };
		5DF778801B3E2621003AE3C7 /* AFHTTPSessionManager.m in Sources */ = {isa = PBXBuildFile; fileRef = 5DF778701B3E2621003AE3C7 /* AFHTTPSessionManager.m */; };
		5DF778811B3E2621003AE3C7 /* AFNetworkReachabilityManager.m in Sources */ = {isa = PBXBuildFile; fileRef = 5DF778731B3E2621003AE3C7 /* AFNetworkReachabilityManager.m */; };
		5DF778821B3E2621003AE3C7 /* AFSecurityPolicy.m in Sources */ = {isa = PBXBuildFile; fileRef = 5DF778751B3E2621003AE3C7 /* AFSecurityPolicy.m */; };
		5DF778831B3E2621003AE3C7 /* AFURLConnectionOperation.m in Sources */ = {isa = PBXBuildFile; fileRef = 5DF778771B3E2621003AE3C7 /* AFURLConnectionOperation.m */; };
		5DF778841B3E2621003AE3C7 /* AFURLRequestSerialization.m in Sources */ = {isa = PBXBuildFile; fileRef = 5DF778791B3E2621003AE3C7 /* AFURLRequestSerialization.m */; };
		5DF778851B3E2621003AE3C7 /* AFURLResponseSerialization.m in Sources */ = {isa = PBXBuildFile; fileRef = 5DF7787B1B3E2621003AE3C7 /* AFURLResponseSerialization.m */; };
		5DF778861B3E2621003AE3C7 /* AFURLSessionManager.m in Sources */ = {isa = PBXBuildFile; fileRef = 5DF7787D1B3E2621003AE3C7 /* AFURLSessionManager.m */; };
		5DF778AD1B3E272B003AE3C7 /* AFOAuth1Client.m in Sources */ = {isa = PBXBuildFile; fileRef = 5DF778A61B3E272A003AE3C7 /* AFOAuth1Client.m */; };
		5DF778AE1B3E272B003AE3C7 /* AFOAuth1RequestSerializer.m in Sources */ = {isa = PBXBuildFile; fileRef = 5DF778A81B3E272A003AE3C7 /* AFOAuth1RequestSerializer.m */; };
		5DF778AF1B3E272B003AE3C7 /* AFOAuth1Token.m in Sources */ = {isa = PBXBuildFile; fileRef = 5DF778AA1B3E272A003AE3C7 /* AFOAuth1Token.m */; };
		5DF778B01B3E272B003AE3C7 /* AFOAuth1Utils.m in Sources */ = {isa = PBXBuildFile; fileRef = 5DF778AC1B3E272B003AE3C7 /* AFOAuth1Utils.m */; };
		F83DA16317C579A4006C3DB5 /* Security.framework in Frameworks */ = {isa = PBXBuildFile; fileRef = F83DA16217C579A4006C3DB5 /* Security.framework */; };
		F8E8695F16ADDE1D00CD328E /* SystemConfiguration.framework in Frameworks */ = {isa = PBXBuildFile; fileRef = F8E8695E16ADDE1D00CD328E /* SystemConfiguration.framework */; };
/* End PBXBuildFile section */

/* Begin PBXFileReference section */
		3B951FEF16944D5B00BAF7F8 /* Twitter OSX Example Client.app */ = {isa = PBXFileReference; explicitFileType = wrapper.application; includeInIndex = 0; path = "Twitter OSX Example Client.app"; sourceTree = BUILT_PRODUCTS_DIR; };
		3B951FF316944D5B00BAF7F8 /* Cocoa.framework */ = {isa = PBXFileReference; lastKnownFileType = wrapper.framework; name = Cocoa.framework; path = System/Library/Frameworks/Cocoa.framework; sourceTree = SDKROOT; };
		3B951FF616944D5B00BAF7F8 /* AppKit.framework */ = {isa = PBXFileReference; lastKnownFileType = wrapper.framework; name = AppKit.framework; path = System/Library/Frameworks/AppKit.framework; sourceTree = SDKROOT; };
		3B951FF716944D5B00BAF7F8 /* CoreData.framework */ = {isa = PBXFileReference; lastKnownFileType = wrapper.framework; name = CoreData.framework; path = System/Library/Frameworks/CoreData.framework; sourceTree = SDKROOT; };
		3B951FF816944D5B00BAF7F8 /* Foundation.framework */ = {isa = PBXFileReference; lastKnownFileType = wrapper.framework; name = Foundation.framework; path = System/Library/Frameworks/Foundation.framework; sourceTree = SDKROOT; };
		3B951FFB16944D5B00BAF7F8 /* Twitter OSX Example Client-Info.plist */ = {isa = PBXFileReference; lastKnownFileType = text.plist.xml; path = "Twitter OSX Example Client-Info.plist"; sourceTree = "<group>"; };
		3B951FFF16944D5B00BAF7F8 /* main.m */ = {isa = PBXFileReference; lastKnownFileType = sourcecode.c.objc; path = main.m; sourceTree = "<group>"; };
		3B95200116944D5B00BAF7F8 /* Twitter OSX Example Client-Prefix.pch */ = {isa = PBXFileReference; lastKnownFileType = sourcecode.c.h; path = "Twitter OSX Example Client-Prefix.pch"; sourceTree = "<group>"; };
		3B95200516944D5B00BAF7F8 /* AppDelegate.h */ = {isa = PBXFileReference; lastKnownFileType = sourcecode.c.h; path = AppDelegate.h; sourceTree = "<group>"; };
		3B95200616944D5B00BAF7F8 /* AppDelegate.m */ = {isa = PBXFileReference; lastKnownFileType = sourcecode.c.objc; path = AppDelegate.m; sourceTree = "<group>"; };
		3B95200916944D5B00BAF7F8 /* en */ = {isa = PBXFileReference; lastKnownFileType = file.xib; name = en; path = en.lproj/MainMenu.xib; sourceTree = "<group>"; };
		5DF7786B1B3E2620003AE3C7 /* AFHTTPRequestOperation.h */ = {isa = PBXFileReference; fileEncoding = 4; lastKnownFileType = sourcecode.c.h; path = AFHTTPRequestOperation.h; sourceTree = "<group>"; };
		5DF7786C1B3E2621003AE3C7 /* AFHTTPRequestOperation.m */ = {isa = PBXFileReference; fileEncoding = 4; lastKnownFileType = sourcecode.c.objc; path = AFHTTPRequestOperation.m; sourceTree = "<group>"; };
		5DF7786D1B3E2621003AE3C7 /* AFHTTPRequestOperationManager.h */ = {isa = PBXFileReference; fileEncoding = 4; lastKnownFileType = sourcecode.c.h; path = AFHTTPRequestOperationManager.h; sourceTree = "<group>"; };
		5DF7786E1B3E2621003AE3C7 /* AFHTTPRequestOperationManager.m */ = {isa = PBXFileReference; fileEncoding = 4; lastKnownFileType = sourcecode.c.objc; path = AFHTTPRequestOperationManager.m; sourceTree = "<group>"; };
		5DF7786F1B3E2621003AE3C7 /* AFHTTPSessionManager.h */ = {isa = PBXFileReference; fileEncoding = 4; lastKnownFileType = sourcecode.c.h; path = AFHTTPSessionManager.h; sourceTree = "<group>"; };
		5DF778701B3E2621003AE3C7 /* AFHTTPSessionManager.m */ = {isa = PBXFileReference; fileEncoding = 4; lastKnownFileType = sourcecode.c.objc; path = AFHTTPSessionManager.m; sourceTree = "<group>"; };
		5DF778711B3E2621003AE3C7 /* AFNetworking.h */ = {isa = PBXFileReference; fileEncoding = 4; lastKnownFileType = sourcecode.c.h; path = AFNetworking.h; sourceTree = "<group>"; };
		5DF778721B3E2621003AE3C7 /* AFNetworkReachabilityManager.h */ = {isa = PBXFileReference; fileEncoding = 4; lastKnownFileType = sourcecode.c.h; path = AFNetworkReachabilityManager.h; sourceTree = "<group>"; };
		5DF778731B3E2621003AE3C7 /* AFNetworkReachabilityManager.m */ = {isa = PBXFileReference; fileEncoding = 4; lastKnownFileType = sourcecode.c.objc; path = AFNetworkReachabilityManager.m; sourceTree = "<group>"; };
		5DF778741B3E2621003AE3C7 /* AFSecurityPolicy.h */ = {isa = PBXFileReference; fileEncoding = 4; lastKnownFileType = sourcecode.c.h; path = AFSecurityPolicy.h; sourceTree = "<group>"; };
		5DF778751B3E2621003AE3C7 /* AFSecurityPolicy.m */ = {isa = PBXFileReference; fileEncoding = 4; lastKnownFileType = sourcecode.c.objc; path = AFSecurityPolicy.m; sourceTree = "<group>"; };
		5DF778761B3E2621003AE3C7 /* AFURLConnectionOperation.h */ = {isa = PBXFileReference; fileEncoding = 4; lastKnownFileType = sourcecode.c.h; path = AFURLConnectionOperation.h; sourceTree = "<group>"; };
		5DF778771B3E2621003AE3C7 /* AFURLConnectionOperation.m */ = {isa = PBXFileReference; fileEncoding = 4; lastKnownFileType = sourcecode.c.objc; path = AFURLConnectionOperation.m; sourceTree = "<group>"; };
		5DF778781B3E2621003AE3C7 /* AFURLRequestSerialization.h */ = {isa = PBXFileReference; fileEncoding = 4; lastKnownFileType = sourcecode.c.h; path = AFURLRequestSerialization.h; sourceTree = "<group>"; };
		5DF778791B3E2621003AE3C7 /* AFURLRequestSerialization.m */ = {isa = PBXFileReference; fileEncoding = 4; lastKnownFileType = sourcecode.c.objc; path = AFURLRequestSerialization.m; sourceTree = "<group>"; };
		5DF7787A1B3E2621003AE3C7 /* AFURLResponseSerialization.h */ = {isa = PBXFileReference; fileEncoding = 4; lastKnownFileType = sourcecode.c.h; path = AFURLResponseSerialization.h; sourceTree = "<group>"; };
		5DF7787B1B3E2621003AE3C7 /* AFURLResponseSerialization.m */ = {isa = PBXFileReference; fileEncoding = 4; lastKnownFileType = sourcecode.c.objc; path = AFURLResponseSerialization.m; sourceTree = "<group>"; };
		5DF7787C1B3E2621003AE3C7 /* AFURLSessionManager.h */ = {isa = PBXFileReference; fileEncoding = 4; lastKnownFileType = sourcecode.c.h; path = AFURLSessionManager.h; sourceTree = "<group>"; };
		5DF7787D1B3E2621003AE3C7 /* AFURLSessionManager.m */ = {isa = PBXFileReference; fileEncoding = 4; lastKnownFileType = sourcecode.c.objc; path = AFURLSessionManager.m; sourceTree = "<group>"; };
		5DF778A51B3E272A003AE3C7 /* AFOAuth1Client.h */ = {isa = PBXFileReference; fileEncoding = 4; lastKnownFileType = sourcecode.c.h; path = AFOAuth1Client.h; sourceTree = "<group>"; };
		5DF778A61B3E272A003AE3C7 /* AFOAuth1Client.m */ = {isa = PBXFileReference; fileEncoding = 4; lastKnownFileType = sourcecode.c.objc; path = AFOAuth1Client.m; sourceTree = "<group>"; };
		5DF778A71B3E272A003AE3C7 /* AFOAuth1RequestSerializer.h */ = {isa = PBXFileReference; fileEncoding = 4; lastKnownFileType = sourcecode.c.h; path = AFOAuth1RequestSerializer.h; sourceTree = "<group>"; };
		5DF778A81B3E272A003AE3C7 /* AFOAuth1RequestSerializer.m */ = {isa = PBXFileReference; fileEncoding = 4; lastKnownFileType = sourcecode.c.objc; path = AFOAuth1RequestSerializer.m; sourceTree = "<group>"; };
		5DF778A91B3E272A003AE3C7 /* AFOAuth1Token.h */ = {isa = PBXFileReference; fileEncoding = 4; lastKnownFileType = sourcecode.c.h; path = AFOAuth1Token.h; sourceTree = "<group>"; };
		5DF778AA1B3E272A003AE3C7 /* AFOAuth1Token.m */ = {isa = PBXFileReference; fileEncoding = 4; lastKnownFileType = sourcecode.c.objc; path = AFOAuth1Token.m; sourceTree = "<group>"; };
		5DF778AB1B3E272B003AE3C7 /* AFOAuth1Utils.h */ = {isa = PBXFileReference; fileEncoding = 4; lastKnownFileType = sourcecode.c.h; path = AFOAuth1Utils.h; sourceTree = "<group>"; };
		5DF778AC1B3E272B003AE3C7 /* AFOAuth1Utils.m */ = {isa = PBXFileReference; fileEncoding = 4; lastKnownFileType = sourcecode.c.objc; path = AFOAuth1Utils.m; sourceTree = "<group>"; };
		F83DA16217C579A4006C3DB5 /* Security.framework */ = {isa = PBXFileReference; lastKnownFileType = wrapper.framework; name = Security.framework; path = System/Library/Frameworks/Security.framework; sourceTree = SDKROOT; };
		F8E8695E16ADDE1D00CD328E /* SystemConfiguration.framework */ = {isa = PBXFileReference; lastKnownFileType = wrapper.framework; name = SystemConfiguration.framework; path = System/Library/Frameworks/SystemConfiguration.framework; sourceTree = SDKROOT; };
/* End PBXFileReference section */

/* Begin PBXFrameworksBuildPhase section */
		3B951FEC16944D5B00BAF7F8 /* Frameworks */ = {
			isa = PBXFrameworksBuildPhase;
			buildActionMask = 2147483647;
			files = (
				F83DA16317C579A4006C3DB5 /* Security.framework in Frameworks */,
				F8E8695F16ADDE1D00CD328E /* SystemConfiguration.framework in Frameworks */,
				3B951FF416944D5B00BAF7F8 /* Cocoa.framework in Frameworks */,
			);
			runOnlyForDeploymentPostprocessing = 0;
		};
/* End PBXFrameworksBuildPhase section */

/* Begin PBXGroup section */
		3B951FE416944D5B00BAF7F8 = {
			isa = PBXGroup;
			children = (
				3B951FF916944D5B00BAF7F8 /* Twitter OSX Example Client */,
				3B951FF216944D5B00BAF7F8 /* Frameworks */,
				3B951FF016944D5B00BAF7F8 /* Products */,
				F86035CE16ADCCC60027FDE8 /* Vendor */,
			);
			sourceTree = "<group>";
		};
		3B951FF016944D5B00BAF7F8 /* Products */ = {
			isa = PBXGroup;
			children = (
				3B951FEF16944D5B00BAF7F8 /* Twitter OSX Example Client.app */,
			);
			name = Products;
			sourceTree = "<group>";
		};
		3B951FF216944D5B00BAF7F8 /* Frameworks */ = {
			isa = PBXGroup;
			children = (
				F83DA16217C579A4006C3DB5 /* Security.framework */,
				F8E8695E16ADDE1D00CD328E /* SystemConfiguration.framework */,
				3B951FF316944D5B00BAF7F8 /* Cocoa.framework */,
				3B951FF516944D5B00BAF7F8 /* Other Frameworks */,
			);
			name = Frameworks;
			sourceTree = "<group>";
		};
		3B951FF516944D5B00BAF7F8 /* Other Frameworks */ = {
			isa = PBXGroup;
			children = (
				3B951FF616944D5B00BAF7F8 /* AppKit.framework */,
				3B951FF716944D5B00BAF7F8 /* CoreData.framework */,
				3B951FF816944D5B00BAF7F8 /* Foundation.framework */,
			);
			name = "Other Frameworks";
			sourceTree = "<group>";
		};
		3B951FF916944D5B00BAF7F8 /* Twitter OSX Example Client */ = {
			isa = PBXGroup;
			children = (
				3B95200516944D5B00BAF7F8 /* AppDelegate.h */,
				3B95200616944D5B00BAF7F8 /* AppDelegate.m */,
				3B95200816944D5B00BAF7F8 /* MainMenu.xib */,
				3B951FFA16944D5B00BAF7F8 /* Supporting Files */,
			);
			path = "Twitter OSX Example Client";
			sourceTree = "<group>";
		};
		3B951FFA16944D5B00BAF7F8 /* Supporting Files */ = {
			isa = PBXGroup;
			children = (
				3B951FFB16944D5B00BAF7F8 /* Twitter OSX Example Client-Info.plist */,
				3B951FFF16944D5B00BAF7F8 /* main.m */,
				3B95200116944D5B00BAF7F8 /* Twitter OSX Example Client-Prefix.pch */,
			);
			name = "Supporting Files";
			sourceTree = "<group>";
		};
		5DF7786A1B3E2620003AE3C7 /* AFNetworking */ = {
			isa = PBXGroup;
			children = (
				5DF7786B1B3E2620003AE3C7 /* AFHTTPRequestOperation.h */,
				5DF7786C1B3E2621003AE3C7 /* AFHTTPRequestOperation.m */,
				5DF7786D1B3E2621003AE3C7 /* AFHTTPRequestOperationManager.h */,
				5DF7786E1B3E2621003AE3C7 /* AFHTTPRequestOperationManager.m */,
				5DF7786F1B3E2621003AE3C7 /* AFHTTPSessionManager.h */,
				5DF778701B3E2621003AE3C7 /* AFHTTPSessionManager.m */,
				5DF778711B3E2621003AE3C7 /* AFNetworking.h */,
				5DF778721B3E2621003AE3C7 /* AFNetworkReachabilityManager.h */,
				5DF778731B3E2621003AE3C7 /* AFNetworkReachabilityManager.m */,
				5DF778741B3E2621003AE3C7 /* AFSecurityPolicy.h */,
				5DF778751B3E2621003AE3C7 /* AFSecurityPolicy.m */,
				5DF778761B3E2621003AE3C7 /* AFURLConnectionOperation.h */,
				5DF778771B3E2621003AE3C7 /* AFURLConnectionOperation.m */,
				5DF778781B3E2621003AE3C7 /* AFURLRequestSerialization.h */,
				5DF778791B3E2621003AE3C7 /* AFURLRequestSerialization.m */,
				5DF7787A1B3E2621003AE3C7 /* AFURLResponseSerialization.h */,
				5DF7787B1B3E2621003AE3C7 /* AFURLResponseSerialization.m */,
				5DF7787C1B3E2621003AE3C7 /* AFURLSessionManager.h */,
				5DF7787D1B3E2621003AE3C7 /* AFURLSessionManager.m */,
			);
			name = AFNetworking;
			path = ../AFNetworking;
			sourceTree = "<group>";
		};
		5DF778A41B3E272A003AE3C7 /* AFOAuth1Client */ = {
			isa = PBXGroup;
			children = (
				5DF778A51B3E272A003AE3C7 /* AFOAuth1Client.h */,
				5DF778A61B3E272A003AE3C7 /* AFOAuth1Client.m */,
				5DF778A71B3E272A003AE3C7 /* AFOAuth1RequestSerializer.h */,
				5DF778A81B3E272A003AE3C7 /* AFOAuth1RequestSerializer.m */,
				5DF778A91B3E272A003AE3C7 /* AFOAuth1Token.h */,
				5DF778AA1B3E272A003AE3C7 /* AFOAuth1Token.m */,
				5DF778AB1B3E272B003AE3C7 /* AFOAuth1Utils.h */,
				5DF778AC1B3E272B003AE3C7 /* AFOAuth1Utils.m */,
			);
			name = AFOAuth1Client;
			path = ../AFOAuth1Client;
			sourceTree = "<group>";
		};
		F86035CE16ADCCC60027FDE8 /* Vendor */ = {
			isa = PBXGroup;
			children = (
				5DF778A41B3E272A003AE3C7 /* AFOAuth1Client */,
				5DF7786A1B3E2620003AE3C7 /* AFNetworking */,
			);
			name = Vendor;
			sourceTree = "<group>";
		};
/* End PBXGroup section */

/* Begin PBXNativeTarget section */
		3B951FEE16944D5B00BAF7F8 /* Twitter OSX Example Client */ = {
			isa = PBXNativeTarget;
			buildConfigurationList = 3B95200D16944D5B00BAF7F8 /* Build configuration list for PBXNativeTarget "Twitter OSX Example Client" */;
			buildPhases = (
				3B951FEB16944D5B00BAF7F8 /* Sources */,
				3B951FEC16944D5B00BAF7F8 /* Frameworks */,
				3B951FED16944D5B00BAF7F8 /* Resources */,
			);
			buildRules = (
			);
			dependencies = (
			);
			name = "Twitter OSX Example Client";
			productName = "Twitter OSX Example Client";
			productReference = 3B951FEF16944D5B00BAF7F8 /* Twitter OSX Example Client.app */;
			productType = "com.apple.product-type.application";
		};
/* End PBXNativeTarget section */

/* Begin PBXProject section */
		3B951FE616944D5B00BAF7F8 /* Project object */ = {
			isa = PBXProject;
			attributes = {
				LastUpgradeCheck = 0500;
				ORGANIZATIONNAME = "Just a Dream";
			};
			buildConfigurationList = 3B951FE916944D5B00BAF7F8 /* Build configuration list for PBXProject "Twitter OSX Example Client" */;
			compatibilityVersion = "Xcode 3.2";
			developmentRegion = English;
			hasScannedForEncodings = 0;
			knownRegions = (
				en,
			);
			mainGroup = 3B951FE416944D5B00BAF7F8;
			productRefGroup = 3B951FF016944D5B00BAF7F8 /* Products */;
			projectDirPath = "";
			projectRoot = "";
			targets = (
				3B951FEE16944D5B00BAF7F8 /* Twitter OSX Example Client */,
			);
		};
/* End PBXProject section */

/* Begin PBXResourcesBuildPhase section */
		3B951FED16944D5B00BAF7F8 /* Resources */ = {
			isa = PBXResourcesBuildPhase;
			buildActionMask = 2147483647;
			files = (
				3B95200A16944D5B00BAF7F8 /* MainMenu.xib in Resources */,
			);
			runOnlyForDeploymentPostprocessing = 0;
		};
/* End PBXResourcesBuildPhase section */

/* Begin PBXSourcesBuildPhase section */
		3B951FEB16944D5B00BAF7F8 /* Sources */ = {
			isa = PBXSourcesBuildPhase;
			buildActionMask = 2147483647;
			files = (
				5DF778AE1B3E272B003AE3C7 /* AFOAuth1RequestSerializer.m in Sources */,
				5DF7787E1B3E2621003AE3C7 /* AFHTTPRequestOperation.m in Sources */,
				3B95200016944D5B00BAF7F8 /* main.m in Sources */,
				5DF7787F1B3E2621003AE3C7 /* AFHTTPRequestOperationManager.m in Sources */,
				5DF778B01B3E272B003AE3C7 /* AFOAuth1Utils.m in Sources */,
				5DF778811B3E2621003AE3C7 /* AFNetworkReachabilityManager.m in Sources */,
				5DF778851B3E2621003AE3C7 /* AFURLResponseSerialization.m in Sources */,
				5DF778831B3E2621003AE3C7 /* AFURLConnectionOperation.m in Sources */,
				5DF778821B3E2621003AE3C7 /* AFSecurityPolicy.m in Sources */,
				5DF778AD1B3E272B003AE3C7 /* AFOAuth1Client.m in Sources */,
				5DF778801B3E2621003AE3C7 /* AFHTTPSessionManager.m in Sources */,
				5DF778841B3E2621003AE3C7 /* AFURLRequestSerialization.m in Sources */,
				5DF778861B3E2621003AE3C7 /* AFURLSessionManager.m in Sources */,
				3B95200716944D5B00BAF7F8 /* AppDelegate.m in Sources */,
				5DF778AF1B3E272B003AE3C7 /* AFOAuth1Token.m in Sources */,
			);
			runOnlyForDeploymentPostprocessing = 0;
		};
/* End PBXSourcesBuildPhase section */

/* Begin PBXVariantGroup section */
		3B95200816944D5B00BAF7F8 /* MainMenu.xib */ = {
			isa = PBXVariantGroup;
			children = (
				3B95200916944D5B00BAF7F8 /* en */,
			);
			name = MainMenu.xib;
			sourceTree = "<group>";
		};
/* End PBXVariantGroup section */

/* Begin XCBuildConfiguration section */
		3B95200B16944D5B00BAF7F8 /* Debug */ = {
			isa = XCBuildConfiguration;
			buildSettings = {
				ALWAYS_SEARCH_USER_PATHS = NO;
				CLANG_CXX_LANGUAGE_STANDARD = "gnu++0x";
				CLANG_CXX_LIBRARY = "libc++";
				CLANG_ENABLE_OBJC_ARC = YES;
				CLANG_WARN_EMPTY_BODY = YES;
				CLANG_WARN__DUPLICATE_METHOD_MATCH = YES;
				COPY_PHASE_STRIP = NO;
				GCC_C_LANGUAGE_STANDARD = gnu99;
				GCC_DYNAMIC_NO_PIC = NO;
				GCC_ENABLE_OBJC_EXCEPTIONS = YES;
				GCC_OPTIMIZATION_LEVEL = 0;
				GCC_PREPROCESSOR_DEFINITIONS = (
					"DEBUG=1",
					"$(inherited)",
				);
				GCC_SYMBOLS_PRIVATE_EXTERN = NO;
				GCC_WARN_64_TO_32_BIT_CONVERSION = YES;
				GCC_WARN_ABOUT_RETURN_TYPE = YES;
				GCC_WARN_UNINITIALIZED_AUTOS = YES;
				GCC_WARN_UNUSED_VARIABLE = YES;
				MACOSX_DEPLOYMENT_TARGET = 10.8;
				ONLY_ACTIVE_ARCH = YES;
				SDKROOT = macosx;
			};
			name = Debug;
		};
		3B95200C16944D5B00BAF7F8 /* Release */ = {
			isa = XCBuildConfiguration;
			buildSettings = {
				ALWAYS_SEARCH_USER_PATHS = NO;
				CLANG_CXX_LANGUAGE_STANDARD = "gnu++0x";
				CLANG_CXX_LIBRARY = "libc++";
				CLANG_ENABLE_OBJC_ARC = YES;
				CLANG_WARN_EMPTY_BODY = YES;
				CLANG_WARN__DUPLICATE_METHOD_MATCH = YES;
				COPY_PHASE_STRIP = YES;
				DEBUG_INFORMATION_FORMAT = "dwarf-with-dsym";
				GCC_C_LANGUAGE_STANDARD = gnu99;
				GCC_ENABLE_OBJC_EXCEPTIONS = YES;
				GCC_WARN_64_TO_32_BIT_CONVERSION = YES;
				GCC_WARN_ABOUT_RETURN_TYPE = YES;
				GCC_WARN_UNINITIALIZED_AUTOS = YES;
				GCC_WARN_UNUSED_VARIABLE = YES;
				MACOSX_DEPLOYMENT_TARGET = 10.8;
				SDKROOT = macosx;
			};
			name = Release;
		};
		3B95200E16944D5B00BAF7F8 /* Debug */ = {
			isa = XCBuildConfiguration;
			buildSettings = {
				CLANG_ENABLE_OBJC_ARC = YES;
				COMBINE_HIDPI_IMAGES = YES;
				GCC_PRECOMPILE_PREFIX_HEADER = YES;
				GCC_PREFIX_HEADER = "Twitter OSX Example Client/Twitter OSX Example Client-Prefix.pch";
				INFOPLIST_FILE = "Twitter OSX Example Client/Twitter OSX Example Client-Info.plist";
				PRODUCT_NAME = "$(TARGET_NAME)";
				WRAPPER_EXTENSION = app;
			};
			name = Debug;
		};
		3B95200F16944D5B00BAF7F8 /* Release */ = {
			isa = XCBuildConfiguration;
			buildSettings = {
				CLANG_ENABLE_OBJC_ARC = YES;
				COMBINE_HIDPI_IMAGES = YES;
				GCC_PRECOMPILE_PREFIX_HEADER = YES;
				GCC_PREFIX_HEADER = "Twitter OSX Example Client/Twitter OSX Example Client-Prefix.pch";
				INFOPLIST_FILE = "Twitter OSX Example Client/Twitter OSX Example Client-Info.plist";
				PRODUCT_NAME = "$(TARGET_NAME)";
				WRAPPER_EXTENSION = app;
			};
			name = Release;
		};
/* End XCBuildConfiguration section */

/* Begin XCConfigurationList section */
		3B951FE916944D5B00BAF7F8 /* Build configuration list for PBXProject "Twitter OSX Example Client" */ = {
			isa = XCConfigurationList;
			buildConfigurations = (
				3B95200B16944D5B00BAF7F8 /* Debug */,
				3B95200C16944D5B00BAF7F8 /* Release */,
			);
			defaultConfigurationIsVisible = 0;
			defaultConfigurationName = Release;
		};
		3B95200D16944D5B00BAF7F8 /* Build configuration list for PBXNativeTarget "Twitter OSX Example Client" */ = {
			isa = XCConfigurationList;
			buildConfigurations = (
				3B95200E16944D5B00BAF7F8 /* Debug */,
				3B95200F16944D5B00BAF7F8 /* Release */,
			);
			defaultConfigurationIsVisible = 0;
			defaultConfigurationName = Release;
		};
/* End XCConfigurationList section */
	};
	rootObject = 3B951FE616944D5B00BAF7F8 /* Project object */;
}
